// !$*UTF8*$!
{
	archiveVersion = 1;
	classes = {
	};
	objectVersion = 56;
	objects = {

/* Begin PBXBuildFile section */
		8B16039E2AEF9C1E00A68981 /* RegistrationHeaderView.swift in Sources */ = {isa = PBXBuildFile; fileRef = 8B16039D2AEF9C1E00A68981 /* RegistrationHeaderView.swift */; };
		8B1603DD2AF129C400A68981 /* LoginViewScreen.swift in Sources */ = {isa = PBXBuildFile; fileRef = 8B1603DC2AF129C400A68981 /* LoginViewScreen.swift */; };
		8B1603DF2AF1336100A68981 /* LoginHeader.swift in Sources */ = {isa = PBXBuildFile; fileRef = 8B1603DE2AF1336100A68981 /* LoginHeader.swift */; };
		8B1603E12AF14B3300A68981 /* PasswordResetView.swift in Sources */ = {isa = PBXBuildFile; fileRef = 8B1603E02AF14B3300A68981 /* PasswordResetView.swift */; };
		8B1604122AF4E5A000A68981 /* UserDefaultsManager.swift in Sources */ = {isa = PBXBuildFile; fileRef = 8B1604112AF4E5A000A68981 /* UserDefaultsManager.swift */; };
		8B20CE5B2AB0540100FB3ECA /* RealEstateFundingApp.swift in Sources */ = {isa = PBXBuildFile; fileRef = 8B20CE5A2AB0540100FB3ECA /* RealEstateFundingApp.swift */; };
		8B20CE5F2AB0540300FB3ECA /* Assets.xcassets in Resources */ = {isa = PBXBuildFile; fileRef = 8B20CE5E2AB0540300FB3ECA /* Assets.xcassets */; };
		8B20CE622AB0540300FB3ECA /* Preview Assets.xcassets in Resources */ = {isa = PBXBuildFile; fileRef = 8B20CE612AB0540300FB3ECA /* Preview Assets.xcassets */; };
		8B20CE6B2AB057F800FB3ECA /* OnboardingView.swift in Sources */ = {isa = PBXBuildFile; fileRef = 8B20CE6A2AB057F800FB3ECA /* OnboardingView.swift */; };
		8B20CE6D2AB065F400FB3ECA /* TabBar.swift in Sources */ = {isa = PBXBuildFile; fileRef = 8B20CE6C2AB065F400FB3ECA /* TabBar.swift */; };
		8B20CE6F2AB0676B00FB3ECA /* TabBarViewModifier.swift in Sources */ = {isa = PBXBuildFile; fileRef = 8B20CE6E2AB0676B00FB3ECA /* TabBarViewModifier.swift */; };
		8B20CE712AB06D4B00FB3ECA /* View + Ext.swift in Sources */ = {isa = PBXBuildFile; fileRef = 8B20CE702AB06D4B00FB3ECA /* View + Ext.swift */; };
		8B20CE732AB07A0A00FB3ECA /* PropertiesList.swift in Sources */ = {isa = PBXBuildFile; fileRef = 8B20CE722AB07A0A00FB3ECA /* PropertiesList.swift */; };
		8B20CE762AB0867B00FB3ECA /* RegistrationStartView.swift in Sources */ = {isa = PBXBuildFile; fileRef = 8B20CE752AB0867B00FB3ECA /* RegistrationStartView.swift */; };
		8B20CE792AB08FF000FB3ECA /* iPhoneNumberField in Frameworks */ = {isa = PBXBuildFile; productRef = 8B20CE782AB08FF000FB3ECA /* iPhoneNumberField */; };
		8B20CE7B2AB0900C00FB3ECA /* SignUpView.swift in Sources */ = {isa = PBXBuildFile; fileRef = 8B20CE7A2AB0900C00FB3ECA /* SignUpView.swift */; };
		8B20CE7E2AB0912100FB3ECA /* Color + Ext.swift in Sources */ = {isa = PBXBuildFile; fileRef = 8B20CE7D2AB0912100FB3ECA /* Color + Ext.swift */; };
		8B20CE812AB09B8300FB3ECA /* AppleSignInSwift.swift in Sources */ = {isa = PBXBuildFile; fileRef = 8B20CE802AB09B8300FB3ECA /* AppleSignInSwift.swift */; };
		8B20CE832AB1D37300FB3ECA /* UIScreen + Ext.swift in Sources */ = {isa = PBXBuildFile; fileRef = 8B20CE822AB1D37300FB3ECA /* UIScreen + Ext.swift */; };
		8B20CE852AB1D45F00FB3ECA /* Launch Screen.storyboard in Resources */ = {isa = PBXBuildFile; fileRef = 8B20CE842AB1D45F00FB3ECA /* Launch Screen.storyboard */; };
		8B20CE872AB1D54300FB3ECA /* FillUserDataView.swift in Sources */ = {isa = PBXBuildFile; fileRef = 8B20CE862AB1D54300FB3ECA /* FillUserDataView.swift */; };
		8B20CE892AB1EB8800FB3ECA /* Keyboard + Ext.swift in Sources */ = {isa = PBXBuildFile; fileRef = 8B20CE882AB1EB8800FB3ECA /* Keyboard + Ext.swift */; };
		8B20CE8B2AB1F32400FB3ECA /* LoginView.swift in Sources */ = {isa = PBXBuildFile; fileRef = 8B20CE8A2AB1F32400FB3ECA /* LoginView.swift */; };
		8B20CE8D2AB1F3D300FB3ECA /* TextFieldStyle.swift in Sources */ = {isa = PBXBuildFile; fileRef = 8B20CE8C2AB1F3D300FB3ECA /* TextFieldStyle.swift */; };
		8B20CE8F2AB20F9C00FB3ECA /* PortfolioView.swift in Sources */ = {isa = PBXBuildFile; fileRef = 8B20CE8E2AB20F9C00FB3ECA /* PortfolioView.swift */; };
		8B3A23BD2AC4257100EF82E7 /* WalletView.swift in Sources */ = {isa = PBXBuildFile; fileRef = 8B3A23BC2AC4257100EF82E7 /* WalletView.swift */; };
		8B49215C2B27097D008CC130 /* PaymentAgree.swift in Sources */ = {isa = PBXBuildFile; fileRef = 8B49215B2B27097D008CC130 /* PaymentAgree.swift */; };
		8B49CBEE2AB491FD00F1800B /* ForgotPasswordView.swift in Sources */ = {isa = PBXBuildFile; fileRef = 8B49CBED2AB491FD00F1800B /* ForgotPasswordView.swift */; };
		8B49CBF12AB842BE00F1800B /* CountryPicker in Frameworks */ = {isa = PBXBuildFile; productRef = 8B49CBF02AB842BE00F1800B /* CountryPicker */; };
		8B49CBF32AB8440300F1800B /* CitizenshipView.swift in Sources */ = {isa = PBXBuildFile; fileRef = 8B49CBF22AB8440300F1800B /* CitizenshipView.swift */; };
		8B49CBF62AB8473600F1800B /* CountryPickerProxy.swift in Sources */ = {isa = PBXBuildFile; fileRef = 8B49CBF52AB8473600F1800B /* CountryPickerProxy.swift */; };
		8B49CBF92AB84C4C00F1800B /* PopupView in Frameworks */ = {isa = PBXBuildFile; productRef = 8B49CBF82AB84C4C00F1800B /* PopupView */; };
		8B49CBFB2AB856E200F1800B /* EnterNewPasswordView.swift in Sources */ = {isa = PBXBuildFile; fileRef = 8B49CBFA2AB856E200F1800B /* EnterNewPasswordView.swift */; };
		8B49CBFE2AB8629E00F1800B /* NotificationsListView.swift in Sources */ = {isa = PBXBuildFile; fileRef = 8B49CBFD2AB8629E00F1800B /* NotificationsListView.swift */; };
		8B49CC012AB86E3C00F1800B /* ProfileView.swift in Sources */ = {isa = PBXBuildFile; fileRef = 8B49CC002AB86E3C00F1800B /* ProfileView.swift */; };
		8B49CC062AB9A90B00F1800B /* String + Ext.swift in Sources */ = {isa = PBXBuildFile; fileRef = 8B49CC052AB9A90B00F1800B /* String + Ext.swift */; };
		8B49CC0A2AB9E43B00F1800B /* PropertyDetailView.swift in Sources */ = {isa = PBXBuildFile; fileRef = 8B49CC092AB9E43B00F1800B /* PropertyDetailView.swift */; };
		8B49CC0E2ABAF59500F1800B /* PropertyLocationView.swift in Sources */ = {isa = PBXBuildFile; fileRef = 8B49CC0D2ABAF59500F1800B /* PropertyLocationView.swift */; };
		8B49CC102ABB0ECB00F1800B /* InvestmentCalculatorView.swift in Sources */ = {isa = PBXBuildFile; fileRef = 8B49CC0F2ABB0ECB00F1800B /* InvestmentCalculatorView.swift */; };
		8B49CC122ABB224600F1800B /* FinancialsView.swift in Sources */ = {isa = PBXBuildFile; fileRef = 8B49CC112ABB224600F1800B /* FinancialsView.swift */; };
		8B49CC152ABB34EA00F1800B /* FavouritesView.swift in Sources */ = {isa = PBXBuildFile; fileRef = 8B49CC142ABB34EA00F1800B /* FavouritesView.swift */; };
		8B515E8C2B1DD9C100A678D9 /* SelectPaymentMethod.swift in Sources */ = {isa = PBXBuildFile; fileRef = 8B515E8B2B1DD9C000A678D9 /* SelectPaymentMethod.swift */; };
		8B569E752B2B1F310098515B /* PaymentViewModel.swift in Sources */ = {isa = PBXBuildFile; fileRef = 8B569E742B2B1F310098515B /* PaymentViewModel.swift */; };
		8B58D6892AF8DF0F000EB557 /* SwiftSoup in Frameworks */ = {isa = PBXBuildFile; productRef = 8B58D6882AF8DF0F000EB557 /* SwiftSoup */; };
		8B58D68B2AF9177C000EB557 /* VerifyMail.swift in Sources */ = {isa = PBXBuildFile; fileRef = 8B58D68A2AF9177C000EB557 /* VerifyMail.swift */; };
		8B58D68D2AFA4454000EB557 /* KeyboardModifier.swift in Sources */ = {isa = PBXBuildFile; fileRef = 8B58D68C2AFA4454000EB557 /* KeyboardModifier.swift */; };
		8B58D68F2AFA8588000EB557 /* country_data.json in Resources */ = {isa = PBXBuildFile; fileRef = 8B58D68E2AFA8588000EB557 /* country_data.json */; };
		8B58D6912AFA859D000EB557 /* Country.swift in Sources */ = {isa = PBXBuildFile; fileRef = 8B58D6902AFA859D000EB557 /* Country.swift */; };
		8B5ECCD82AE009270068D5D1 /* PropertyCellView.swift in Sources */ = {isa = PBXBuildFile; fileRef = 8B5ECCD72AE009270068D5D1 /* PropertyCellView.swift */; };
		8B5ECCDB2AE1141D0068D5D1 /* KeychainSwift in Frameworks */ = {isa = PBXBuildFile; productRef = 8B5ECCDA2AE1141D0068D5D1 /* KeychainSwift */; };
		8B5ECCE02AE146F60068D5D1 /* Double + Ext.swift in Sources */ = {isa = PBXBuildFile; fileRef = 8B5ECCDF2AE146F60068D5D1 /* Double + Ext.swift */; };
		8B5ECCE22AE14F7C0068D5D1 /* PropertyDetail.swift in Sources */ = {isa = PBXBuildFile; fileRef = 8B5ECCE12AE14F7C0068D5D1 /* PropertyDetail.swift */; };
		8B6496C32AE92D0600C0A5A5 /* WebView.swift in Sources */ = {isa = PBXBuildFile; fileRef = 8B6496C22AE92D0600C0A5A5 /* WebView.swift */; };
		8B6D016B2B07826F00E9FBCC /* InvestmentDetail.swift in Sources */ = {isa = PBXBuildFile; fileRef = 8B6D016A2B07826F00E9FBCC /* InvestmentDetail.swift */; };
		8B6D016D2B0792C100E9FBCC /* ContentView.swift in Sources */ = {isa = PBXBuildFile; fileRef = 8B6D016C2B0792C100E9FBCC /* ContentView.swift */; };
		8B7B0B102AE6884E008C2F19 /* InvestView.swift in Sources */ = {isa = PBXBuildFile; fileRef = 8B7B0B0F2AE6884E008C2F19 /* InvestView.swift */; };
		8B7B0B122AE69F49008C2F19 /* PropertyImageView.swift in Sources */ = {isa = PBXBuildFile; fileRef = 8B7B0B112AE69F48008C2F19 /* PropertyImageView.swift */; };
		8B955B9D2AFE5F78005E4D0C /* InvestmentData.swift in Sources */ = {isa = PBXBuildFile; fileRef = 8B955B9C2AFE5F78005E4D0C /* InvestmentData.swift */; };
		8B955BA12AFE608C005E4D0C /* PortfolioViewModel.swift in Sources */ = {isa = PBXBuildFile; fileRef = 8B955BA02AFE608C005E4D0C /* PortfolioViewModel.swift */; };
		8B955BA32AFE6B9A005E4D0C /* ShowMoreLessButton.swift in Sources */ = {isa = PBXBuildFile; fileRef = 8B955BA22AFE6B9A005E4D0C /* ShowMoreLessButton.swift */; };
		8BA837592ACAAD85008DCF3D /* TermsAndConditionsView.swift in Sources */ = {isa = PBXBuildFile; fileRef = 8BA837582ACAAD85008DCF3D /* TermsAndConditionsView.swift */; };
		8BA8375B2ACAF09F008DCF3D /* InvestorTermsView.swift in Sources */ = {isa = PBXBuildFile; fileRef = 8BA8375A2ACAF09E008DCF3D /* InvestorTermsView.swift */; };
		8BA8378F2ACEC4FA008DCF3D /* APIManager.swift in Sources */ = {isa = PBXBuildFile; fileRef = 8BA8378E2ACEC4FA008DCF3D /* APIManager.swift */; };
		8BA837922ACEC68B008DCF3D /* Alamofire in Frameworks */ = {isa = PBXBuildFile; productRef = 8BA837912ACEC68B008DCF3D /* Alamofire */; };
		8BA837952ACEC69B008DCF3D /* Reachability in Frameworks */ = {isa = PBXBuildFile; productRef = 8BA837942ACEC69B008DCF3D /* Reachability */; };
		8BA837982ACEC6B8008DCF3D /* SDWebImageSwiftUI in Frameworks */ = {isa = PBXBuildFile; productRef = 8BA837972ACEC6B8008DCF3D /* SDWebImageSwiftUI */; };
		8BA8379B2ACEF30F008DCF3D /* RegistrationViewModel.swift in Sources */ = {isa = PBXBuildFile; fileRef = 8BA8379A2ACEF30F008DCF3D /* RegistrationViewModel.swift */; };
		8BA8379D2ACEF49D008DCF3D /* RegistrationViewScreen.swift in Sources */ = {isa = PBXBuildFile; fileRef = 8BA8379C2ACEF49D008DCF3D /* RegistrationViewScreen.swift */; };
		8BA837B52AD53B50008DCF3D /* ViewModifiers.swift in Sources */ = {isa = PBXBuildFile; fileRef = 8BA837B42AD53B50008DCF3D /* ViewModifiers.swift */; };
		8BA837B72AD6986F008DCF3D /* BackendAPIServices.swift in Sources */ = {isa = PBXBuildFile; fileRef = 8BA837B62AD6986F008DCF3D /* BackendAPIServices.swift */; };
		8BA837BB2AD6A48F008DCF3D /* UserData.swift in Sources */ = {isa = PBXBuildFile; fileRef = 8BA837BA2AD6A48F008DCF3D /* UserData.swift */; };
		8BA837BE2AD6A59A008DCF3D /* LoginViewModel.swift in Sources */ = {isa = PBXBuildFile; fileRef = 8BA837BD2AD6A59A008DCF3D /* LoginViewModel.swift */; };
		8BA837C12AD6B07D008DCF3D /* AppViewModel.swift in Sources */ = {isa = PBXBuildFile; fileRef = 8BA837C02AD6B07D008DCF3D /* AppViewModel.swift */; };
		8BA837C32AD6CD0B008DCF3D /* AppMainState.swift in Sources */ = {isa = PBXBuildFile; fileRef = 8BA837C22AD6CD0B008DCF3D /* AppMainState.swift */; };
		8BA83E992B10CC03005DD78C /* Transactions.swift in Sources */ = {isa = PBXBuildFile; fileRef = 8BA83E982B10CC03005DD78C /* Transactions.swift */; };
		8BA83E9B2B10CC52005DD78C /* WalletViewModel.swift in Sources */ = {isa = PBXBuildFile; fileRef = 8BA83E9A2B10CC52005DD78C /* WalletViewModel.swift */; };
		8BA83E9D2B10E523005DD78C /* Payment.swift in Sources */ = {isa = PBXBuildFile; fileRef = 8BA83E9C2B10E523005DD78C /* Payment.swift */; };
		8BA83EA52B15F62F005DD78C /* InvoiceTransactionsView.swift in Sources */ = {isa = PBXBuildFile; fileRef = 8BA83EA42B15F62F005DD78C /* InvoiceTransactionsView.swift */; };
		8BA95B812ADFDB0A00FA7D35 /* PropertiesViewModel.swift in Sources */ = {isa = PBXBuildFile; fileRef = 8BA95B802ADFDB0A00FA7D35 /* PropertiesViewModel.swift */; };
		8BA95B832ADFDF1900FA7D35 /* Property.swift in Sources */ = {isa = PBXBuildFile; fileRef = 8BA95B822ADFDF1900FA7D35 /* Property.swift */; };
		8BC2C4D12AB2FC340040D6B7 /* Date + Ext.swift in Sources */ = {isa = PBXBuildFile; fileRef = 8BC2C4D02AB2FC340040D6B7 /* Date + Ext.swift */; };
		8BC2C5332AB466DC0040D6B7 /* InvestmentDetails.swift in Sources */ = {isa = PBXBuildFile; fileRef = 8BC2C5322AB466DC0040D6B7 /* InvestmentDetails.swift */; };
		8BD3B20B2B28978C006393EE /* UserLoginCase.swift in Sources */ = {isa = PBXBuildFile; fileRef = 8BD3B20A2B28978C006393EE /* UserLoginCase.swift */; };
		8BD3B20D2B28988A006393EE /* PropertiesGatewayType.swift in Sources */ = {isa = PBXBuildFile; fileRef = 8BD3B20C2B28988A006393EE /* PropertiesGatewayType.swift */; };
		8BD3B2102B289F47006393EE /* Stripe in Frameworks */ = {isa = PBXBuildFile; productRef = 8BD3B20F2B289F47006393EE /* Stripe */; };
		8BD3B2122B289F47006393EE /* StripeApplePay in Frameworks */ = {isa = PBXBuildFile; productRef = 8BD3B2112B289F47006393EE /* StripeApplePay */; };
		8BD3B2142B289F47006393EE /* StripeCardScan in Frameworks */ = {isa = PBXBuildFile; productRef = 8BD3B2132B289F47006393EE /* StripeCardScan */; };
		8BD3B2162B289F47006393EE /* StripeFinancialConnections in Frameworks */ = {isa = PBXBuildFile; productRef = 8BD3B2152B289F47006393EE /* StripeFinancialConnections */; };
		8BD3B2182B289F47006393EE /* StripeIdentity in Frameworks */ = {isa = PBXBuildFile; productRef = 8BD3B2172B289F47006393EE /* StripeIdentity */; };
		8BD3B21A2B289F47006393EE /* StripePaymentSheet in Frameworks */ = {isa = PBXBuildFile; productRef = 8BD3B2192B289F47006393EE /* StripePaymentSheet */; };
		8BD3B21C2B289F47006393EE /* StripePayments in Frameworks */ = {isa = PBXBuildFile; productRef = 8BD3B21B2B289F47006393EE /* StripePayments */; };
		8BD3B21E2B289F47006393EE /* StripePaymentsUI in Frameworks */ = {isa = PBXBuildFile; productRef = 8BD3B21D2B289F47006393EE /* StripePaymentsUI */; };
		8BD3B2212B28ADD1006393EE /* FirebaseAnalytics in Frameworks */ = {isa = PBXBuildFile; productRef = 8BD3B2202B28ADD1006393EE /* FirebaseAnalytics */; };
		8BD3B2232B28ADD1006393EE /* FirebaseAnalyticsOnDeviceConversion in Frameworks */ = {isa = PBXBuildFile; productRef = 8BD3B2222B28ADD1006393EE /* FirebaseAnalyticsOnDeviceConversion */; };
		8BD3B2252B28ADD1006393EE /* FirebaseAnalyticsSwift in Frameworks */ = {isa = PBXBuildFile; productRef = 8BD3B2242B28ADD1006393EE /* FirebaseAnalyticsSwift */; };
		8BD3B2272B28ADD1006393EE /* FirebaseAnalyticsWithoutAdIdSupport in Frameworks */ = {isa = PBXBuildFile; productRef = 8BD3B2262B28ADD1006393EE /* FirebaseAnalyticsWithoutAdIdSupport */; };
		8BD3B2292B28ADD1006393EE /* FirebaseAppCheck in Frameworks */ = {isa = PBXBuildFile; productRef = 8BD3B2282B28ADD1006393EE /* FirebaseAppCheck */; };
		8BD3B22B2B28ADD1006393EE /* FirebaseAppDistribution-Beta in Frameworks */ = {isa = PBXBuildFile; productRef = 8BD3B22A2B28ADD1006393EE /* FirebaseAppDistribution-Beta */; };
		8BD3B22D2B28ADD1006393EE /* FirebaseAuth in Frameworks */ = {isa = PBXBuildFile; productRef = 8BD3B22C2B28ADD1006393EE /* FirebaseAuth */; };
		8BD3B22F2B28ADD1006393EE /* FirebaseAuthCombine-Community in Frameworks */ = {isa = PBXBuildFile; productRef = 8BD3B22E2B28ADD1006393EE /* FirebaseAuthCombine-Community */; };
		8BD3B2312B28ADD1006393EE /* FirebaseCrashlytics in Frameworks */ = {isa = PBXBuildFile; productRef = 8BD3B2302B28ADD1006393EE /* FirebaseCrashlytics */; };
		8BD3B2332B28ADD1006393EE /* FirebaseDatabase in Frameworks */ = {isa = PBXBuildFile; productRef = 8BD3B2322B28ADD1006393EE /* FirebaseDatabase */; };
		8BD3B2352B28ADD1006393EE /* FirebaseDatabaseSwift in Frameworks */ = {isa = PBXBuildFile; productRef = 8BD3B2342B28ADD1006393EE /* FirebaseDatabaseSwift */; };
		8BD3B2372B28ADD1006393EE /* FirebaseDynamicLinks in Frameworks */ = {isa = PBXBuildFile; productRef = 8BD3B2362B28ADD1006393EE /* FirebaseDynamicLinks */; };
		8BD3B2392B28ADD1006393EE /* FirebaseFirestore in Frameworks */ = {isa = PBXBuildFile; productRef = 8BD3B2382B28ADD1006393EE /* FirebaseFirestore */; };
		8BD3B23B2B28ADD1006393EE /* FirebaseFirestoreCombine-Community in Frameworks */ = {isa = PBXBuildFile; productRef = 8BD3B23A2B28ADD1006393EE /* FirebaseFirestoreCombine-Community */; };
		8BD3B23D2B28ADD1006393EE /* FirebaseFirestoreSwift in Frameworks */ = {isa = PBXBuildFile; productRef = 8BD3B23C2B28ADD1006393EE /* FirebaseFirestoreSwift */; };
		8BD3B23F2B28ADD1006393EE /* FirebaseFunctions in Frameworks */ = {isa = PBXBuildFile; productRef = 8BD3B23E2B28ADD1006393EE /* FirebaseFunctions */; };
		8BD3B2412B28ADD1006393EE /* FirebaseFunctionsCombine-Community in Frameworks */ = {isa = PBXBuildFile; productRef = 8BD3B2402B28ADD1006393EE /* FirebaseFunctionsCombine-Community */; };
		8BD3B2432B28ADD1006393EE /* FirebaseInAppMessaging-Beta in Frameworks */ = {isa = PBXBuildFile; productRef = 8BD3B2422B28ADD1006393EE /* FirebaseInAppMessaging-Beta */; };
		8BD3B2452B28ADD1006393EE /* FirebaseInAppMessagingSwift-Beta in Frameworks */ = {isa = PBXBuildFile; productRef = 8BD3B2442B28ADD1006393EE /* FirebaseInAppMessagingSwift-Beta */; };
		8BD3B2472B28ADD1006393EE /* FirebaseInstallations in Frameworks */ = {isa = PBXBuildFile; productRef = 8BD3B2462B28ADD1006393EE /* FirebaseInstallations */; };
		8BD3B2492B28ADD1006393EE /* FirebaseMLModelDownloader in Frameworks */ = {isa = PBXBuildFile; productRef = 8BD3B2482B28ADD1006393EE /* FirebaseMLModelDownloader */; };
		8BD3B24B2B28ADD1006393EE /* FirebaseMessaging in Frameworks */ = {isa = PBXBuildFile; productRef = 8BD3B24A2B28ADD1006393EE /* FirebaseMessaging */; };
		8BD3B24D2B28ADD1006393EE /* FirebasePerformance in Frameworks */ = {isa = PBXBuildFile; productRef = 8BD3B24C2B28ADD1006393EE /* FirebasePerformance */; };
		8BD3B24F2B28ADD1006393EE /* FirebaseRemoteConfig in Frameworks */ = {isa = PBXBuildFile; productRef = 8BD3B24E2B28ADD1006393EE /* FirebaseRemoteConfig */; };
		8BD3B2512B28ADD1006393EE /* FirebaseRemoteConfigSwift in Frameworks */ = {isa = PBXBuildFile; productRef = 8BD3B2502B28ADD1006393EE /* FirebaseRemoteConfigSwift */; };
		8BD3B2532B28ADD1006393EE /* FirebaseStorage in Frameworks */ = {isa = PBXBuildFile; productRef = 8BD3B2522B28ADD1006393EE /* FirebaseStorage */; };
		8BD3B2552B28ADD1006393EE /* FirebaseStorageCombine-Community in Frameworks */ = {isa = PBXBuildFile; productRef = 8BD3B2542B28ADD1006393EE /* FirebaseStorageCombine-Community */; };
		8BD3B25F2B29AF5F006393EE /* GoogleService-Info.plist in Resources */ = {isa = PBXBuildFile; fileRef = 8BD3B25E2B29AF5F006393EE /* GoogleService-Info.plist */; };
		8BD3B2612B29C56A006393EE /* Wallet.swift in Sources */ = {isa = PBXBuildFile; fileRef = 8BD3B2602B29C56A006393EE /* Wallet.swift */; };
		8BD3B2632B2AF53A006393EE /* InvestedSuccesView.swift in Sources */ = {isa = PBXBuildFile; fileRef = 8BD3B2622B2AF53A006393EE /* InvestedSuccesView.swift */; };
		8BEBC35D2AEAA5180016FCA4 /* Enum + Ext.swift in Sources */ = {isa = PBXBuildFile; fileRef = 8BEBC35C2AEAA5180016FCA4 /* Enum + Ext.swift */; };
		8BEBC35F2AEB9B4D0016FCA4 /* CurrentLiveView.swift in Sources */ = {isa = PBXBuildFile; fileRef = 8BEBC35E2AEB9B4D0016FCA4 /* CurrentLiveView.swift */; };
		8BEBC3612AEBA7F40016FCA4 /* EmploymentStatusView.swift in Sources */ = {isa = PBXBuildFile; fileRef = 8BEBC3602AEBA7F40016FCA4 /* EmploymentStatusView.swift */; };
		8BEBC3632AEBB4CA0016FCA4 /* AnnualIncomeView.swift in Sources */ = {isa = PBXBuildFile; fileRef = 8BEBC3622AEBB4CA0016FCA4 /* AnnualIncomeView.swift */; };
		8BEBC3652AEBB7A50016FCA4 /* NetWorthView.swift in Sources */ = {isa = PBXBuildFile; fileRef = 8BEBC3642AEBB7A50016FCA4 /* NetWorthView.swift */; };
/* End PBXBuildFile section */

/* Begin PBXFileReference section */
		8B16039D2AEF9C1E00A68981 /* RegistrationHeaderView.swift */ = {isa = PBXFileReference; lastKnownFileType = sourcecode.swift; path = RegistrationHeaderView.swift; sourceTree = "<group>"; };
		8B1603DC2AF129C400A68981 /* LoginViewScreen.swift */ = {isa = PBXFileReference; lastKnownFileType = sourcecode.swift; path = LoginViewScreen.swift; sourceTree = "<group>"; };
		8B1603DE2AF1336100A68981 /* LoginHeader.swift */ = {isa = PBXFileReference; lastKnownFileType = sourcecode.swift; path = LoginHeader.swift; sourceTree = "<group>"; };
		8B1603E02AF14B3300A68981 /* PasswordResetView.swift */ = {isa = PBXFileReference; lastKnownFileType = sourcecode.swift; path = PasswordResetView.swift; sourceTree = "<group>"; };
		8B1603E22AF1543A00A68981 /* Info.plist */ = {isa = PBXFileReference; lastKnownFileType = text.plist; path = Info.plist; sourceTree = "<group>"; };
		8B1604112AF4E5A000A68981 /* UserDefaultsManager.swift */ = {isa = PBXFileReference; lastKnownFileType = sourcecode.swift; path = UserDefaultsManager.swift; sourceTree = "<group>"; };
		8B20CE572AB0540100FB3ECA /* RealEstateFunding.app */ = {isa = PBXFileReference; explicitFileType = wrapper.application; includeInIndex = 0; path = RealEstateFunding.app; sourceTree = BUILT_PRODUCTS_DIR; };
		8B20CE5A2AB0540100FB3ECA /* RealEstateFundingApp.swift */ = {isa = PBXFileReference; lastKnownFileType = sourcecode.swift; path = RealEstateFundingApp.swift; sourceTree = "<group>"; };
		8B20CE5E2AB0540300FB3ECA /* Assets.xcassets */ = {isa = PBXFileReference; lastKnownFileType = folder.assetcatalog; path = Assets.xcassets; sourceTree = "<group>"; };
		8B20CE612AB0540300FB3ECA /* Preview Assets.xcassets */ = {isa = PBXFileReference; lastKnownFileType = folder.assetcatalog; path = "Preview Assets.xcassets"; sourceTree = "<group>"; };
		8B20CE6A2AB057F800FB3ECA /* OnboardingView.swift */ = {isa = PBXFileReference; lastKnownFileType = sourcecode.swift; path = OnboardingView.swift; sourceTree = "<group>"; };
		8B20CE6C2AB065F400FB3ECA /* TabBar.swift */ = {isa = PBXFileReference; lastKnownFileType = sourcecode.swift; path = TabBar.swift; sourceTree = "<group>"; };
		8B20CE6E2AB0676B00FB3ECA /* TabBarViewModifier.swift */ = {isa = PBXFileReference; lastKnownFileType = sourcecode.swift; path = TabBarViewModifier.swift; sourceTree = "<group>"; };
		8B20CE702AB06D4B00FB3ECA /* View + Ext.swift */ = {isa = PBXFileReference; lastKnownFileType = sourcecode.swift; path = "View + Ext.swift"; sourceTree = "<group>"; };
		8B20CE722AB07A0A00FB3ECA /* PropertiesList.swift */ = {isa = PBXFileReference; lastKnownFileType = sourcecode.swift; path = PropertiesList.swift; sourceTree = "<group>"; };
		8B20CE752AB0867B00FB3ECA /* RegistrationStartView.swift */ = {isa = PBXFileReference; lastKnownFileType = sourcecode.swift; path = RegistrationStartView.swift; sourceTree = "<group>"; };
		8B20CE7A2AB0900C00FB3ECA /* SignUpView.swift */ = {isa = PBXFileReference; lastKnownFileType = sourcecode.swift; path = SignUpView.swift; sourceTree = "<group>"; };
		8B20CE7D2AB0912100FB3ECA /* Color + Ext.swift */ = {isa = PBXFileReference; lastKnownFileType = sourcecode.swift; path = "Color + Ext.swift"; sourceTree = "<group>"; };
		8B20CE7F2AB09AE200FB3ECA /* RealEstateFunding.entitlements */ = {isa = PBXFileReference; lastKnownFileType = text.plist.entitlements; path = RealEstateFunding.entitlements; sourceTree = "<group>"; };
		8B20CE802AB09B8300FB3ECA /* AppleSignInSwift.swift */ = {isa = PBXFileReference; lastKnownFileType = sourcecode.swift; path = AppleSignInSwift.swift; sourceTree = "<group>"; };
		8B20CE822AB1D37300FB3ECA /* UIScreen + Ext.swift */ = {isa = PBXFileReference; lastKnownFileType = sourcecode.swift; path = "UIScreen + Ext.swift"; sourceTree = "<group>"; };
		8B20CE842AB1D45F00FB3ECA /* Launch Screen.storyboard */ = {isa = PBXFileReference; lastKnownFileType = file.storyboard; path = "Launch Screen.storyboard"; sourceTree = "<group>"; };
		8B20CE862AB1D54300FB3ECA /* FillUserDataView.swift */ = {isa = PBXFileReference; lastKnownFileType = sourcecode.swift; path = FillUserDataView.swift; sourceTree = "<group>"; };
		8B20CE882AB1EB8800FB3ECA /* Keyboard + Ext.swift */ = {isa = PBXFileReference; lastKnownFileType = sourcecode.swift; path = "Keyboard + Ext.swift"; sourceTree = "<group>"; };
		8B20CE8A2AB1F32400FB3ECA /* LoginView.swift */ = {isa = PBXFileReference; lastKnownFileType = sourcecode.swift; path = LoginView.swift; sourceTree = "<group>"; };
		8B20CE8C2AB1F3D300FB3ECA /* TextFieldStyle.swift */ = {isa = PBXFileReference; lastKnownFileType = sourcecode.swift; path = TextFieldStyle.swift; sourceTree = "<group>"; };
		8B20CE8E2AB20F9C00FB3ECA /* PortfolioView.swift */ = {isa = PBXFileReference; lastKnownFileType = sourcecode.swift; path = PortfolioView.swift; sourceTree = "<group>"; };
		8B3A23BC2AC4257100EF82E7 /* WalletView.swift */ = {isa = PBXFileReference; lastKnownFileType = sourcecode.swift; path = WalletView.swift; sourceTree = "<group>"; };
		8B49215B2B27097D008CC130 /* PaymentAgree.swift */ = {isa = PBXFileReference; lastKnownFileType = sourcecode.swift; path = PaymentAgree.swift; sourceTree = "<group>"; };
		8B49CBED2AB491FD00F1800B /* ForgotPasswordView.swift */ = {isa = PBXFileReference; lastKnownFileType = sourcecode.swift; path = ForgotPasswordView.swift; sourceTree = "<group>"; };
		8B49CBF22AB8440300F1800B /* CitizenshipView.swift */ = {isa = PBXFileReference; lastKnownFileType = sourcecode.swift; path = CitizenshipView.swift; sourceTree = "<group>"; };
		8B49CBF52AB8473600F1800B /* CountryPickerProxy.swift */ = {isa = PBXFileReference; lastKnownFileType = sourcecode.swift; path = CountryPickerProxy.swift; sourceTree = "<group>"; };
		8B49CBFA2AB856E200F1800B /* EnterNewPasswordView.swift */ = {isa = PBXFileReference; lastKnownFileType = sourcecode.swift; path = EnterNewPasswordView.swift; sourceTree = "<group>"; };
		8B49CBFD2AB8629E00F1800B /* NotificationsListView.swift */ = {isa = PBXFileReference; lastKnownFileType = sourcecode.swift; path = NotificationsListView.swift; sourceTree = "<group>"; };
		8B49CC002AB86E3C00F1800B /* ProfileView.swift */ = {isa = PBXFileReference; lastKnownFileType = sourcecode.swift; path = ProfileView.swift; sourceTree = "<group>"; };
		8B49CC052AB9A90B00F1800B /* String + Ext.swift */ = {isa = PBXFileReference; lastKnownFileType = sourcecode.swift; path = "String + Ext.swift"; sourceTree = "<group>"; };
		8B49CC092AB9E43B00F1800B /* PropertyDetailView.swift */ = {isa = PBXFileReference; lastKnownFileType = sourcecode.swift; path = PropertyDetailView.swift; sourceTree = "<group>"; };
		8B49CC0D2ABAF59500F1800B /* PropertyLocationView.swift */ = {isa = PBXFileReference; lastKnownFileType = sourcecode.swift; path = PropertyLocationView.swift; sourceTree = "<group>"; };
		8B49CC0F2ABB0ECB00F1800B /* InvestmentCalculatorView.swift */ = {isa = PBXFileReference; lastKnownFileType = sourcecode.swift; path = InvestmentCalculatorView.swift; sourceTree = "<group>"; };
		8B49CC112ABB224600F1800B /* FinancialsView.swift */ = {isa = PBXFileReference; lastKnownFileType = sourcecode.swift; path = FinancialsView.swift; sourceTree = "<group>"; };
		8B49CC142ABB34EA00F1800B /* FavouritesView.swift */ = {isa = PBXFileReference; lastKnownFileType = sourcecode.swift; path = FavouritesView.swift; sourceTree = "<group>"; };
		8B515E8B2B1DD9C000A678D9 /* SelectPaymentMethod.swift */ = {isa = PBXFileReference; lastKnownFileType = sourcecode.swift; path = SelectPaymentMethod.swift; sourceTree = "<group>"; };
		8B569E742B2B1F310098515B /* PaymentViewModel.swift */ = {isa = PBXFileReference; lastKnownFileType = sourcecode.swift; path = PaymentViewModel.swift; sourceTree = "<group>"; };
		8B58D68A2AF9177C000EB557 /* VerifyMail.swift */ = {isa = PBXFileReference; lastKnownFileType = sourcecode.swift; path = VerifyMail.swift; sourceTree = "<group>"; };
		8B58D68C2AFA4454000EB557 /* KeyboardModifier.swift */ = {isa = PBXFileReference; lastKnownFileType = sourcecode.swift; path = KeyboardModifier.swift; sourceTree = "<group>"; };
		8B58D68E2AFA8588000EB557 /* country_data.json */ = {isa = PBXFileReference; fileEncoding = 4; lastKnownFileType = text.json; path = country_data.json; sourceTree = "<group>"; };
		8B58D6902AFA859D000EB557 /* Country.swift */ = {isa = PBXFileReference; lastKnownFileType = sourcecode.swift; path = Country.swift; sourceTree = "<group>"; };
		8B5ECCD72AE009270068D5D1 /* PropertyCellView.swift */ = {isa = PBXFileReference; lastKnownFileType = sourcecode.swift; path = PropertyCellView.swift; sourceTree = "<group>"; };
		8B5ECCDF2AE146F60068D5D1 /* Double + Ext.swift */ = {isa = PBXFileReference; lastKnownFileType = sourcecode.swift; path = "Double + Ext.swift"; sourceTree = "<group>"; };
		8B5ECCE12AE14F7C0068D5D1 /* PropertyDetail.swift */ = {isa = PBXFileReference; lastKnownFileType = sourcecode.swift; path = PropertyDetail.swift; sourceTree = "<group>"; };
		8B6496C22AE92D0600C0A5A5 /* WebView.swift */ = {isa = PBXFileReference; lastKnownFileType = sourcecode.swift; path = WebView.swift; sourceTree = "<group>"; };
		8B6D016A2B07826F00E9FBCC /* InvestmentDetail.swift */ = {isa = PBXFileReference; lastKnownFileType = sourcecode.swift; path = InvestmentDetail.swift; sourceTree = "<group>"; };
		8B6D016C2B0792C100E9FBCC /* ContentView.swift */ = {isa = PBXFileReference; lastKnownFileType = sourcecode.swift; path = ContentView.swift; sourceTree = "<group>"; };
		8B7B0B0F2AE6884E008C2F19 /* InvestView.swift */ = {isa = PBXFileReference; lastKnownFileType = sourcecode.swift; path = InvestView.swift; sourceTree = "<group>"; };
		8B7B0B112AE69F48008C2F19 /* PropertyImageView.swift */ = {isa = PBXFileReference; lastKnownFileType = sourcecode.swift; path = PropertyImageView.swift; sourceTree = "<group>"; };
		8B955B9C2AFE5F78005E4D0C /* InvestmentData.swift */ = {isa = PBXFileReference; lastKnownFileType = sourcecode.swift; path = InvestmentData.swift; sourceTree = "<group>"; };
		8B955BA02AFE608C005E4D0C /* PortfolioViewModel.swift */ = {isa = PBXFileReference; lastKnownFileType = sourcecode.swift; path = PortfolioViewModel.swift; sourceTree = "<group>"; };
		8B955BA22AFE6B9A005E4D0C /* ShowMoreLessButton.swift */ = {isa = PBXFileReference; lastKnownFileType = sourcecode.swift; path = ShowMoreLessButton.swift; sourceTree = "<group>"; };
		8BA837582ACAAD85008DCF3D /* TermsAndConditionsView.swift */ = {isa = PBXFileReference; lastKnownFileType = sourcecode.swift; path = TermsAndConditionsView.swift; sourceTree = "<group>"; };
		8BA8375A2ACAF09E008DCF3D /* InvestorTermsView.swift */ = {isa = PBXFileReference; lastKnownFileType = sourcecode.swift; path = InvestorTermsView.swift; sourceTree = "<group>"; };
		8BA8378E2ACEC4FA008DCF3D /* APIManager.swift */ = {isa = PBXFileReference; lastKnownFileType = sourcecode.swift; path = APIManager.swift; sourceTree = "<group>"; };
		8BA8379A2ACEF30F008DCF3D /* RegistrationViewModel.swift */ = {isa = PBXFileReference; lastKnownFileType = sourcecode.swift; path = RegistrationViewModel.swift; sourceTree = "<group>"; };
		8BA8379C2ACEF49D008DCF3D /* RegistrationViewScreen.swift */ = {isa = PBXFileReference; lastKnownFileType = sourcecode.swift; path = RegistrationViewScreen.swift; sourceTree = "<group>"; };
		8BA837B42AD53B50008DCF3D /* ViewModifiers.swift */ = {isa = PBXFileReference; lastKnownFileType = sourcecode.swift; path = ViewModifiers.swift; sourceTree = "<group>"; };
		8BA837B62AD6986F008DCF3D /* BackendAPIServices.swift */ = {isa = PBXFileReference; lastKnownFileType = sourcecode.swift; path = BackendAPIServices.swift; sourceTree = "<group>"; };
		8BA837BA2AD6A48F008DCF3D /* UserData.swift */ = {isa = PBXFileReference; lastKnownFileType = sourcecode.swift; path = UserData.swift; sourceTree = "<group>"; };
		8BA837BD2AD6A59A008DCF3D /* LoginViewModel.swift */ = {isa = PBXFileReference; lastKnownFileType = sourcecode.swift; path = LoginViewModel.swift; sourceTree = "<group>"; };
		8BA837C02AD6B07D008DCF3D /* AppViewModel.swift */ = {isa = PBXFileReference; lastKnownFileType = sourcecode.swift; path = AppViewModel.swift; sourceTree = "<group>"; };
		8BA837C22AD6CD0B008DCF3D /* AppMainState.swift */ = {isa = PBXFileReference; lastKnownFileType = sourcecode.swift; path = AppMainState.swift; sourceTree = "<group>"; };
		8BA83E982B10CC03005DD78C /* Transactions.swift */ = {isa = PBXFileReference; lastKnownFileType = sourcecode.swift; path = Transactions.swift; sourceTree = "<group>"; };
		8BA83E9A2B10CC52005DD78C /* WalletViewModel.swift */ = {isa = PBXFileReference; lastKnownFileType = sourcecode.swift; path = WalletViewModel.swift; sourceTree = "<group>"; };
		8BA83E9C2B10E523005DD78C /* Payment.swift */ = {isa = PBXFileReference; lastKnownFileType = sourcecode.swift; path = Payment.swift; sourceTree = "<group>"; };
		8BA83EA42B15F62F005DD78C /* InvoiceTransactionsView.swift */ = {isa = PBXFileReference; lastKnownFileType = sourcecode.swift; path = InvoiceTransactionsView.swift; sourceTree = "<group>"; };
		8BA95B802ADFDB0A00FA7D35 /* PropertiesViewModel.swift */ = {isa = PBXFileReference; lastKnownFileType = sourcecode.swift; path = PropertiesViewModel.swift; sourceTree = "<group>"; };
		8BA95B822ADFDF1900FA7D35 /* Property.swift */ = {isa = PBXFileReference; lastKnownFileType = sourcecode.swift; path = Property.swift; sourceTree = "<group>"; };
		8BC2C4D02AB2FC340040D6B7 /* Date + Ext.swift */ = {isa = PBXFileReference; lastKnownFileType = sourcecode.swift; path = "Date + Ext.swift"; sourceTree = "<group>"; };
		8BC2C5322AB466DC0040D6B7 /* InvestmentDetails.swift */ = {isa = PBXFileReference; lastKnownFileType = sourcecode.swift; path = InvestmentDetails.swift; sourceTree = "<group>"; };
		8BD3B20A2B28978C006393EE /* UserLoginCase.swift */ = {isa = PBXFileReference; lastKnownFileType = sourcecode.swift; path = UserLoginCase.swift; sourceTree = "<group>"; };
		8BD3B20C2B28988A006393EE /* PropertiesGatewayType.swift */ = {isa = PBXFileReference; lastKnownFileType = sourcecode.swift; path = PropertiesGatewayType.swift; sourceTree = "<group>"; };
		8BD3B25E2B29AF5F006393EE /* GoogleService-Info.plist */ = {isa = PBXFileReference; fileEncoding = 4; lastKnownFileType = text.plist.xml; path = "GoogleService-Info.plist"; sourceTree = "<group>"; };
		8BD3B2602B29C56A006393EE /* Wallet.swift */ = {isa = PBXFileReference; lastKnownFileType = sourcecode.swift; path = Wallet.swift; sourceTree = "<group>"; };
		8BD3B2622B2AF53A006393EE /* InvestedSuccesView.swift */ = {isa = PBXFileReference; lastKnownFileType = sourcecode.swift; path = InvestedSuccesView.swift; sourceTree = "<group>"; };
		8BEBC35C2AEAA5180016FCA4 /* Enum + Ext.swift */ = {isa = PBXFileReference; lastKnownFileType = sourcecode.swift; path = "Enum + Ext.swift"; sourceTree = "<group>"; };
		8BEBC35E2AEB9B4D0016FCA4 /* CurrentLiveView.swift */ = {isa = PBXFileReference; lastKnownFileType = sourcecode.swift; path = CurrentLiveView.swift; sourceTree = "<group>"; };
		8BEBC3602AEBA7F40016FCA4 /* EmploymentStatusView.swift */ = {isa = PBXFileReference; lastKnownFileType = sourcecode.swift; path = EmploymentStatusView.swift; sourceTree = "<group>"; };
		8BEBC3622AEBB4CA0016FCA4 /* AnnualIncomeView.swift */ = {isa = PBXFileReference; lastKnownFileType = sourcecode.swift; path = AnnualIncomeView.swift; sourceTree = "<group>"; };
		8BEBC3642AEBB7A50016FCA4 /* NetWorthView.swift */ = {isa = PBXFileReference; lastKnownFileType = sourcecode.swift; path = NetWorthView.swift; sourceTree = "<group>"; };
/* End PBXFileReference section */

/* Begin PBXFrameworksBuildPhase section */
		8B20CE542AB0540100FB3ECA /* Frameworks */ = {
			isa = PBXFrameworksBuildPhase;
			buildActionMask = 2147483647;
			files = (
				8BD3B2332B28ADD1006393EE /* FirebaseDatabase in Frameworks */,
				8BD3B21C2B289F47006393EE /* StripePayments in Frameworks */,
				8BD3B2452B28ADD1006393EE /* FirebaseInAppMessagingSwift-Beta in Frameworks */,
				8BD3B2472B28ADD1006393EE /* FirebaseInstallations in Frameworks */,
				8BA837982ACEC6B8008DCF3D /* SDWebImageSwiftUI in Frameworks */,
				8BD3B23B2B28ADD1006393EE /* FirebaseFirestoreCombine-Community in Frameworks */,
				8BD3B2162B289F47006393EE /* StripeFinancialConnections in Frameworks */,
				8BD3B2512B28ADD1006393EE /* FirebaseRemoteConfigSwift in Frameworks */,
				8BD3B2432B28ADD1006393EE /* FirebaseInAppMessaging-Beta in Frameworks */,
				8BD3B24B2B28ADD1006393EE /* FirebaseMessaging in Frameworks */,
				8B49CBF92AB84C4C00F1800B /* PopupView in Frameworks */,
				8BD3B2532B28ADD1006393EE /* FirebaseStorage in Frameworks */,
				8BD3B2292B28ADD1006393EE /* FirebaseAppCheck in Frameworks */,
				8BA837922ACEC68B008DCF3D /* Alamofire in Frameworks */,
				8BD3B21A2B289F47006393EE /* StripePaymentSheet in Frameworks */,
				8BD3B22F2B28ADD1006393EE /* FirebaseAuthCombine-Community in Frameworks */,
				8BD3B2392B28ADD1006393EE /* FirebaseFirestore in Frameworks */,
				8BD3B23F2B28ADD1006393EE /* FirebaseFunctions in Frameworks */,
				8BD3B2552B28ADD1006393EE /* FirebaseStorageCombine-Community in Frameworks */,
				8BD3B2212B28ADD1006393EE /* FirebaseAnalytics in Frameworks */,
				8BD3B21E2B289F47006393EE /* StripePaymentsUI in Frameworks */,
				8BD3B23D2B28ADD1006393EE /* FirebaseFirestoreSwift in Frameworks */,
				8BD3B22B2B28ADD1006393EE /* FirebaseAppDistribution-Beta in Frameworks */,
				8BD3B2352B28ADD1006393EE /* FirebaseDatabaseSwift in Frameworks */,
				8B5ECCDB2AE1141D0068D5D1 /* KeychainSwift in Frameworks */,
				8BA837952ACEC69B008DCF3D /* Reachability in Frameworks */,
				8BD3B24D2B28ADD1006393EE /* FirebasePerformance in Frameworks */,
				8BD3B2492B28ADD1006393EE /* FirebaseMLModelDownloader in Frameworks */,
				8BD3B22D2B28ADD1006393EE /* FirebaseAuth in Frameworks */,
				8BD3B2412B28ADD1006393EE /* FirebaseFunctionsCombine-Community in Frameworks */,
				8BD3B2122B289F47006393EE /* StripeApplePay in Frameworks */,
				8BD3B2272B28ADD1006393EE /* FirebaseAnalyticsWithoutAdIdSupport in Frameworks */,
				8B58D6892AF8DF0F000EB557 /* SwiftSoup in Frameworks */,
				8BD3B2372B28ADD1006393EE /* FirebaseDynamicLinks in Frameworks */,
				8BD3B2252B28ADD1006393EE /* FirebaseAnalyticsSwift in Frameworks */,
				8BD3B2182B289F47006393EE /* StripeIdentity in Frameworks */,
				8BD3B2232B28ADD1006393EE /* FirebaseAnalyticsOnDeviceConversion in Frameworks */,
				8B20CE792AB08FF000FB3ECA /* iPhoneNumberField in Frameworks */,
				8BD3B2142B289F47006393EE /* StripeCardScan in Frameworks */,
				8BD3B2312B28ADD1006393EE /* FirebaseCrashlytics in Frameworks */,
				8B49CBF12AB842BE00F1800B /* CountryPicker in Frameworks */,
				8BD3B2102B289F47006393EE /* Stripe in Frameworks */,
				8BD3B24F2B28ADD1006393EE /* FirebaseRemoteConfig in Frameworks */,
			);
			runOnlyForDeploymentPostprocessing = 0;
		};
/* End PBXFrameworksBuildPhase section */

/* Begin PBXGroup section */
		8B20CE4E2AB0540100FB3ECA = {
			isa = PBXGroup;
			children = (
				8B20CE592AB0540100FB3ECA /* RealEstateFunding */,
				8B20CE582AB0540100FB3ECA /* Products */,
			);
			sourceTree = "<group>";
		};
		8B20CE582AB0540100FB3ECA /* Products */ = {
			isa = PBXGroup;
			children = (
				8B20CE572AB0540100FB3ECA /* RealEstateFunding.app */,
			);
			name = Products;
			sourceTree = "<group>";
		};
		8B20CE592AB0540100FB3ECA /* RealEstateFunding */ = {
			isa = PBXGroup;
			children = (
				8BD3B25E2B29AF5F006393EE /* GoogleService-Info.plist */,
				8BD3B2052B28962C006393EE /* Use Cases */,
				8B58D68E2AFA8588000EB557 /* country_data.json */,
				8B1603E22AF1543A00A68981 /* Info.plist */,
				8B20CE7C2AB0910A00FB3ECA /* Extensions */,
				8BA837BF2AD6B06A008DCF3D /* AppState */,
				8BA837B92AD6A481008DCF3D /* Models */,
				8BA8378D2ACEC4D3008DCF3D /* Managers */,
				8BA8378C2ACEC4A6008DCF3D /* Views */,
				8B20CE7F2AB09AE200FB3ECA /* RealEstateFunding.entitlements */,
				8B20CE5A2AB0540100FB3ECA /* RealEstateFundingApp.swift */,
				8B20CE5E2AB0540300FB3ECA /* Assets.xcassets */,
				8B20CE602AB0540300FB3ECA /* Preview Content */,
				8B20CE842AB1D45F00FB3ECA /* Launch Screen.storyboard */,
				8B6D016C2B0792C100E9FBCC /* ContentView.swift */,
			);
			path = RealEstateFunding;
			sourceTree = "<group>";
		};
		8B20CE602AB0540300FB3ECA /* Preview Content */ = {
			isa = PBXGroup;
			children = (
				8B20CE612AB0540300FB3ECA /* Preview Assets.xcassets */,
			);
			path = "Preview Content";
			sourceTree = "<group>";
		};
		8B20CE742AB0860C00FB3ECA /* Registration */ = {
			isa = PBXGroup;
			children = (
				8BA837BC2AD6A57B008DCF3D /* Login */,
				8BA837992ACEF2C8008DCF3D /* UserRegistration */,
				8B20CE752AB0867B00FB3ECA /* RegistrationStartView.swift */,
				8B20CE802AB09B8300FB3ECA /* AppleSignInSwift.swift */,
				8B6496C22AE92D0600C0A5A5 /* WebView.swift */,
			);
			path = Registration;
			sourceTree = "<group>";
		};
		8B20CE7C2AB0910A00FB3ECA /* Extensions */ = {
			isa = PBXGroup;
			children = (
				8B20CE6E2AB0676B00FB3ECA /* TabBarViewModifier.swift */,
				8B20CE702AB06D4B00FB3ECA /* View + Ext.swift */,
				8B20CE7D2AB0912100FB3ECA /* Color + Ext.swift */,
				8B20CE822AB1D37300FB3ECA /* UIScreen + Ext.swift */,
				8B20CE882AB1EB8800FB3ECA /* Keyboard + Ext.swift */,
				8B20CE8C2AB1F3D300FB3ECA /* TextFieldStyle.swift */,
				8BC2C4D02AB2FC340040D6B7 /* Date + Ext.swift */,
				8B49CC052AB9A90B00F1800B /* String + Ext.swift */,
				8B5ECCDF2AE146F60068D5D1 /* Double + Ext.swift */,
				8BEBC35C2AEAA5180016FCA4 /* Enum + Ext.swift */,
				8B58D68C2AFA4454000EB557 /* KeyboardModifier.swift */,
			);
			path = Extensions;
			sourceTree = "<group>";
		};
		8B49CBF42AB846F800F1800B /* Components */ = {
			isa = PBXGroup;
			children = (
				8B49CBF52AB8473600F1800B /* CountryPickerProxy.swift */,
			);
			path = Components;
			sourceTree = "<group>";
		};
		8B49CBFC2AB8628700F1800B /* Notifications */ = {
			isa = PBXGroup;
			children = (
				8B49CBFD2AB8629E00F1800B /* NotificationsListView.swift */,
			);
			path = Notifications;
			sourceTree = "<group>";
		};
		8B49CBFF2AB86E3000F1800B /* Profile */ = {
			isa = PBXGroup;
			children = (
				8B49CC002AB86E3C00F1800B /* ProfileView.swift */,
			);
			path = Profile;
			sourceTree = "<group>";
		};
		8B49CC022AB9A26B00F1800B /* Wallet */ = {
			isa = PBXGroup;
			children = (
				8B3A23BC2AC4257100EF82E7 /* WalletView.swift */,
				8BA83E9A2B10CC52005DD78C /* WalletViewModel.swift */,
			);
			path = Wallet;
			sourceTree = "<group>";
		};
		8B49CC032AB9A27600F1800B /* Portfolio */ = {
			isa = PBXGroup;
			children = (
				8BC2C5322AB466DC0040D6B7 /* InvestmentDetails.swift */,
				8B20CE8E2AB20F9C00FB3ECA /* PortfolioView.swift */,
				8B955BA02AFE608C005E4D0C /* PortfolioViewModel.swift */,
			);
			path = Portfolio;
			sourceTree = "<group>";
		};
		8B49CC042AB9A29400F1800B /* Properties */ = {
			isa = PBXGroup;
			children = (
				8BA95B802ADFDB0A00FA7D35 /* PropertiesViewModel.swift */,
				8B20CE722AB07A0A00FB3ECA /* PropertiesList.swift */,
				8B49CC092AB9E43B00F1800B /* PropertyDetailView.swift */,
				8B49CC0D2ABAF59500F1800B /* PropertyLocationView.swift */,
				8B49CC0F2ABB0ECB00F1800B /* InvestmentCalculatorView.swift */,
				8B49CC112ABB224600F1800B /* FinancialsView.swift */,
				8B5ECCD72AE009270068D5D1 /* PropertyCellView.swift */,
				8B7B0B112AE69F48008C2F19 /* PropertyImageView.swift */,
			);
			path = Properties;
			sourceTree = "<group>";
		};
		8B49CC132ABB34CA00F1800B /* Favourites */ = {
			isa = PBXGroup;
			children = (
				8B49CC142ABB34EA00F1800B /* FavouritesView.swift */,
			);
			path = Favourites;
			sourceTree = "<group>";
		};
		8B515E8A2B1DD98900A678D9 /* Payment */ = {
			isa = PBXGroup;
			children = (
				8BA83EA42B15F62F005DD78C /* InvoiceTransactionsView.swift */,
				8B7B0B0F2AE6884E008C2F19 /* InvestView.swift */,
				8B515E8B2B1DD9C000A678D9 /* SelectPaymentMethod.swift */,
				8B49215B2B27097D008CC130 /* PaymentAgree.swift */,
				8BD3B2622B2AF53A006393EE /* InvestedSuccesView.swift */,
				8B569E742B2B1F310098515B /* PaymentViewModel.swift */,
			);
			path = Payment;
			sourceTree = "<group>";
		};
		8BA8378C2ACEC4A6008DCF3D /* Views */ = {
			isa = PBXGroup;
			children = (
				8B20CE6A2AB057F800FB3ECA /* OnboardingView.swift */,
				8B20CE6C2AB065F400FB3ECA /* TabBar.swift */,
				8B515E8A2B1DD98900A678D9 /* Payment */,
				8BA837B32AD53B32008DCF3D /* ViewModifiers */,
				8B49CC132ABB34CA00F1800B /* Favourites */,
				8B49CC042AB9A29400F1800B /* Properties */,
				8B49CC032AB9A27600F1800B /* Portfolio */,
				8B49CC022AB9A26B00F1800B /* Wallet */,
				8B49CBFF2AB86E3000F1800B /* Profile */,
				8B49CBFC2AB8628700F1800B /* Notifications */,
				8B49CBF42AB846F800F1800B /* Components */,
				8B20CE742AB0860C00FB3ECA /* Registration */,
			);
			path = Views;
			sourceTree = "<group>";
		};
		8BA8378D2ACEC4D3008DCF3D /* Managers */ = {
			isa = PBXGroup;
			children = (
				8BA8378E2ACEC4FA008DCF3D /* APIManager.swift */,
				8BA837B62AD6986F008DCF3D /* BackendAPIServices.swift */,
				8B1604112AF4E5A000A68981 /* UserDefaultsManager.swift */,
			);
			path = Managers;
			sourceTree = "<group>";
		};
		8BA837992ACEF2C8008DCF3D /* UserRegistration */ = {
			isa = PBXGroup;
			children = (
				8BA8379C2ACEF49D008DCF3D /* RegistrationViewScreen.swift */,
				8BA8379A2ACEF30F008DCF3D /* RegistrationViewModel.swift */,
				8BA837582ACAAD85008DCF3D /* TermsAndConditionsView.swift */,
				8BA8375A2ACAF09E008DCF3D /* InvestorTermsView.swift */,
				8B20CE862AB1D54300FB3ECA /* FillUserDataView.swift */,
				8B20CE7A2AB0900C00FB3ECA /* SignUpView.swift */,
				8B49CBF22AB8440300F1800B /* CitizenshipView.swift */,
				8BEBC35E2AEB9B4D0016FCA4 /* CurrentLiveView.swift */,
				8BEBC3602AEBA7F40016FCA4 /* EmploymentStatusView.swift */,
				8BEBC3622AEBB4CA0016FCA4 /* AnnualIncomeView.swift */,
				8BEBC3642AEBB7A50016FCA4 /* NetWorthView.swift */,
				8B16039D2AEF9C1E00A68981 /* RegistrationHeaderView.swift */,
				8B58D68A2AF9177C000EB557 /* VerifyMail.swift */,
			);
			path = UserRegistration;
			sourceTree = "<group>";
		};
		8BA837B32AD53B32008DCF3D /* ViewModifiers */ = {
			isa = PBXGroup;
			children = (
				8BA837B42AD53B50008DCF3D /* ViewModifiers.swift */,
				8B955BA22AFE6B9A005E4D0C /* ShowMoreLessButton.swift */,
			);
			path = ViewModifiers;
			sourceTree = "<group>";
		};
		8BA837B82AD69C86008DCF3D /* ResetPassword */ = {
			isa = PBXGroup;
			children = (
				8B49CBED2AB491FD00F1800B /* ForgotPasswordView.swift */,
				8B49CBFA2AB856E200F1800B /* EnterNewPasswordView.swift */,
				8B1603E02AF14B3300A68981 /* PasswordResetView.swift */,
			);
			path = ResetPassword;
			sourceTree = "<group>";
		};
		8BA837B92AD6A481008DCF3D /* Models */ = {
			isa = PBXGroup;
			children = (
				8BA837BA2AD6A48F008DCF3D /* UserData.swift */,
				8BA95B822ADFDF1900FA7D35 /* Property.swift */,
				8B5ECCE12AE14F7C0068D5D1 /* PropertyDetail.swift */,
				8B58D6902AFA859D000EB557 /* Country.swift */,
				8B955B9C2AFE5F78005E4D0C /* InvestmentData.swift */,
				8B6D016A2B07826F00E9FBCC /* InvestmentDetail.swift */,
				8BA83E982B10CC03005DD78C /* Transactions.swift */,
				8BA83E9C2B10E523005DD78C /* Payment.swift */,
				8BD3B2602B29C56A006393EE /* Wallet.swift */,
			);
			path = Models;
			sourceTree = "<group>";
		};
		8BA837BC2AD6A57B008DCF3D /* Login */ = {
			isa = PBXGroup;
			children = (
				8B1603DC2AF129C400A68981 /* LoginViewScreen.swift */,
				8BA837BD2AD6A59A008DCF3D /* LoginViewModel.swift */,
				8BA837B82AD69C86008DCF3D /* ResetPassword */,
				8B20CE8A2AB1F32400FB3ECA /* LoginView.swift */,
				8B1603DE2AF1336100A68981 /* LoginHeader.swift */,
			);
			path = Login;
			sourceTree = "<group>";
		};
		8BA837BF2AD6B06A008DCF3D /* AppState */ = {
			isa = PBXGroup;
			children = (
				8BA837C02AD6B07D008DCF3D /* AppViewModel.swift */,
				8BA837C22AD6CD0B008DCF3D /* AppMainState.swift */,
			);
			path = AppState;
			sourceTree = "<group>";
		};
		8BD3B2052B28962C006393EE /* Use Cases */ = {
			isa = PBXGroup;
			children = (
				8BD3B2092B2896DE006393EE /* Wallet */,
				8BD3B2082B2896D4006393EE /* Payment */,
				8BD3B2072B2896C8006393EE /* Properties */,
				8BD3B2062B289645006393EE /* User */,
			);
			path = "Use Cases";
			sourceTree = "<group>";
		};
		8BD3B2062B289645006393EE /* User */ = {
			isa = PBXGroup;
			children = (
				8BD3B20A2B28978C006393EE /* UserLoginCase.swift */,
			);
			path = User;
			sourceTree = "<group>";
		};
		8BD3B2072B2896C8006393EE /* Properties */ = {
			isa = PBXGroup;
			children = (
				8BD3B20C2B28988A006393EE /* PropertiesGatewayType.swift */,
			);
			path = Properties;
			sourceTree = "<group>";
		};
		8BD3B2082B2896D4006393EE /* Payment */ = {
			isa = PBXGroup;
			children = (
			);
			path = Payment;
			sourceTree = "<group>";
		};
		8BD3B2092B2896DE006393EE /* Wallet */ = {
			isa = PBXGroup;
			children = (
			);
			path = Wallet;
			sourceTree = "<group>";
		};
/* End PBXGroup section */

/* Begin PBXNativeTarget section */
		8B20CE562AB0540100FB3ECA /* RealEstateFunding */ = {
			isa = PBXNativeTarget;
			buildConfigurationList = 8B20CE652AB0540300FB3ECA /* Build configuration list for PBXNativeTarget "RealEstateFunding" */;
			buildPhases = (
				8B20CE532AB0540100FB3ECA /* Sources */,
				8B20CE542AB0540100FB3ECA /* Frameworks */,
				8B20CE552AB0540100FB3ECA /* Resources */,
			);
			buildRules = (
			);
			dependencies = (
			);
			name = RealEstateFunding;
			packageProductDependencies = (
				8B20CE782AB08FF000FB3ECA /* iPhoneNumberField */,
				8B49CBF02AB842BE00F1800B /* CountryPicker */,
				8B49CBF82AB84C4C00F1800B /* PopupView */,
				8BA837912ACEC68B008DCF3D /* Alamofire */,
				8BA837942ACEC69B008DCF3D /* Reachability */,
				8BA837972ACEC6B8008DCF3D /* SDWebImageSwiftUI */,
				8B5ECCDA2AE1141D0068D5D1 /* KeychainSwift */,
				8B58D6882AF8DF0F000EB557 /* SwiftSoup */,
				8BD3B20F2B289F47006393EE /* Stripe */,
				8BD3B2112B289F47006393EE /* StripeApplePay */,
				8BD3B2132B289F47006393EE /* StripeCardScan */,
				8BD3B2152B289F47006393EE /* StripeFinancialConnections */,
				8BD3B2172B289F47006393EE /* StripeIdentity */,
				8BD3B2192B289F47006393EE /* StripePaymentSheet */,
				8BD3B21B2B289F47006393EE /* StripePayments */,
				8BD3B21D2B289F47006393EE /* StripePaymentsUI */,
				8BD3B2202B28ADD1006393EE /* FirebaseAnalytics */,
				8BD3B2222B28ADD1006393EE /* FirebaseAnalyticsOnDeviceConversion */,
				8BD3B2242B28ADD1006393EE /* FirebaseAnalyticsSwift */,
				8BD3B2262B28ADD1006393EE /* FirebaseAnalyticsWithoutAdIdSupport */,
				8BD3B2282B28ADD1006393EE /* FirebaseAppCheck */,
				8BD3B22A2B28ADD1006393EE /* FirebaseAppDistribution-Beta */,
				8BD3B22C2B28ADD1006393EE /* FirebaseAuth */,
				8BD3B22E2B28ADD1006393EE /* FirebaseAuthCombine-Community */,
				8BD3B2302B28ADD1006393EE /* FirebaseCrashlytics */,
				8BD3B2322B28ADD1006393EE /* FirebaseDatabase */,
				8BD3B2342B28ADD1006393EE /* FirebaseDatabaseSwift */,
				8BD3B2362B28ADD1006393EE /* FirebaseDynamicLinks */,
				8BD3B2382B28ADD1006393EE /* FirebaseFirestore */,
				8BD3B23A2B28ADD1006393EE /* FirebaseFirestoreCombine-Community */,
				8BD3B23C2B28ADD1006393EE /* FirebaseFirestoreSwift */,
				8BD3B23E2B28ADD1006393EE /* FirebaseFunctions */,
				8BD3B2402B28ADD1006393EE /* FirebaseFunctionsCombine-Community */,
				8BD3B2422B28ADD1006393EE /* FirebaseInAppMessaging-Beta */,
				8BD3B2442B28ADD1006393EE /* FirebaseInAppMessagingSwift-Beta */,
				8BD3B2462B28ADD1006393EE /* FirebaseInstallations */,
				8BD3B2482B28ADD1006393EE /* FirebaseMLModelDownloader */,
				8BD3B24A2B28ADD1006393EE /* FirebaseMessaging */,
				8BD3B24C2B28ADD1006393EE /* FirebasePerformance */,
				8BD3B24E2B28ADD1006393EE /* FirebaseRemoteConfig */,
				8BD3B2502B28ADD1006393EE /* FirebaseRemoteConfigSwift */,
				8BD3B2522B28ADD1006393EE /* FirebaseStorage */,
				8BD3B2542B28ADD1006393EE /* FirebaseStorageCombine-Community */,
			);
			productName = RealEstateFunding;
			productReference = 8B20CE572AB0540100FB3ECA /* RealEstateFunding.app */;
			productType = "com.apple.product-type.application";
		};
/* End PBXNativeTarget section */

/* Begin PBXProject section */
		8B20CE4F2AB0540100FB3ECA /* Project object */ = {
			isa = PBXProject;
			attributes = {
				BuildIndependentTargetsInParallel = 1;
				LastSwiftUpdateCheck = 1430;
				LastUpgradeCheck = 1430;
				TargetAttributes = {
					8B20CE562AB0540100FB3ECA = {
						CreatedOnToolsVersion = 14.3.1;
					};
				};
			};
			buildConfigurationList = 8B20CE522AB0540100FB3ECA /* Build configuration list for PBXProject "RealEstateFunding" */;
			compatibilityVersion = "Xcode 14.0";
			developmentRegion = en;
			hasScannedForEncodings = 0;
			knownRegions = (
				en,
				Base,
			);
			mainGroup = 8B20CE4E2AB0540100FB3ECA;
			packageReferences = (
				8B20CE772AB08FEF00FB3ECA /* XCRemoteSwiftPackageReference "iPhoneNumberField" */,
				8B49CBEF2AB842BE00F1800B /* XCRemoteSwiftPackageReference "CountryPicker" */,
				8B49CBF72AB84C4C00F1800B /* XCRemoteSwiftPackageReference "PopupView" */,
				8BA837902ACEC68B008DCF3D /* XCRemoteSwiftPackageReference "Alamofire" */,
				8BA837932ACEC69B008DCF3D /* XCRemoteSwiftPackageReference "Reachability" */,
				8BA837962ACEC6B8008DCF3D /* XCRemoteSwiftPackageReference "SDWebImageSwiftUI" */,
				8B5ECCD92AE1141D0068D5D1 /* XCRemoteSwiftPackageReference "keychain-swift" */,
				8B58D6872AF8DF0F000EB557 /* XCRemoteSwiftPackageReference "SwiftSoup" */,
				8BD3B20E2B289F47006393EE /* XCRemoteSwiftPackageReference "stripe-ios-spm" */,
				8BD3B21F2B28ADD1006393EE /* XCRemoteSwiftPackageReference "firebase-ios-sdk" */,
			);
			productRefGroup = 8B20CE582AB0540100FB3ECA /* Products */;
			projectDirPath = "";
			projectRoot = "";
			targets = (
				8B20CE562AB0540100FB3ECA /* RealEstateFunding */,
			);
		};
/* End PBXProject section */

/* Begin PBXResourcesBuildPhase section */
		8B20CE552AB0540100FB3ECA /* Resources */ = {
			isa = PBXResourcesBuildPhase;
			buildActionMask = 2147483647;
			files = (
				8B20CE852AB1D45F00FB3ECA /* Launch Screen.storyboard in Resources */,
				8B20CE622AB0540300FB3ECA /* Preview Assets.xcassets in Resources */,
				8BD3B25F2B29AF5F006393EE /* GoogleService-Info.plist in Resources */,
				8B58D68F2AFA8588000EB557 /* country_data.json in Resources */,
				8B20CE5F2AB0540300FB3ECA /* Assets.xcassets in Resources */,
			);
			runOnlyForDeploymentPostprocessing = 0;
		};
/* End PBXResourcesBuildPhase section */

/* Begin PBXSourcesBuildPhase section */
		8B20CE532AB0540100FB3ECA /* Sources */ = {
			isa = PBXSourcesBuildPhase;
			buildActionMask = 2147483647;
			files = (
				8B5ECCD82AE009270068D5D1 /* PropertyCellView.swift in Sources */,
				8BA837BB2AD6A48F008DCF3D /* UserData.swift in Sources */,
				8BEBC35F2AEB9B4D0016FCA4 /* CurrentLiveView.swift in Sources */,
				8B20CE8F2AB20F9C00FB3ECA /* PortfolioView.swift in Sources */,
				8B955BA12AFE608C005E4D0C /* PortfolioViewModel.swift in Sources */,
				8BA95B832ADFDF1900FA7D35 /* Property.swift in Sources */,
				8BA8379B2ACEF30F008DCF3D /* RegistrationViewModel.swift in Sources */,
				8B49CC0E2ABAF59500F1800B /* PropertyLocationView.swift in Sources */,
				8BA83E9D2B10E523005DD78C /* Payment.swift in Sources */,
				8B1603E12AF14B3300A68981 /* PasswordResetView.swift in Sources */,
				8BA837B52AD53B50008DCF3D /* ViewModifiers.swift in Sources */,
				8BA837592ACAAD85008DCF3D /* TermsAndConditionsView.swift in Sources */,
				8B20CE6B2AB057F800FB3ECA /* OnboardingView.swift in Sources */,
				8BA8375B2ACAF09F008DCF3D /* InvestorTermsView.swift in Sources */,
				8B5ECCE02AE146F60068D5D1 /* Double + Ext.swift in Sources */,
				8B6496C32AE92D0600C0A5A5 /* WebView.swift in Sources */,
				8B20CE892AB1EB8800FB3ECA /* Keyboard + Ext.swift in Sources */,
				8BEBC3652AEBB7A50016FCA4 /* NetWorthView.swift in Sources */,
				8B58D68B2AF9177C000EB557 /* VerifyMail.swift in Sources */,
				8B515E8C2B1DD9C100A678D9 /* SelectPaymentMethod.swift in Sources */,
				8B5ECCE22AE14F7C0068D5D1 /* PropertyDetail.swift in Sources */,
				8B49215C2B27097D008CC130 /* PaymentAgree.swift in Sources */,
				8B20CE8B2AB1F32400FB3ECA /* LoginView.swift in Sources */,
				8B20CE762AB0867B00FB3ECA /* RegistrationStartView.swift in Sources */,
				8B20CE812AB09B8300FB3ECA /* AppleSignInSwift.swift in Sources */,
				8B58D68D2AFA4454000EB557 /* KeyboardModifier.swift in Sources */,
				8B955B9D2AFE5F78005E4D0C /* InvestmentData.swift in Sources */,
				8BEBC3632AEBB4CA0016FCA4 /* AnnualIncomeView.swift in Sources */,
				8B49CC012AB86E3C00F1800B /* ProfileView.swift in Sources */,
				8BC2C4D12AB2FC340040D6B7 /* Date + Ext.swift in Sources */,
				8BA83E9B2B10CC52005DD78C /* WalletViewModel.swift in Sources */,
				8BA837B72AD6986F008DCF3D /* BackendAPIServices.swift in Sources */,
				8B49CC0A2AB9E43B00F1800B /* PropertyDetailView.swift in Sources */,
				8B1603DF2AF1336100A68981 /* LoginHeader.swift in Sources */,
				8BD3B20B2B28978C006393EE /* UserLoginCase.swift in Sources */,
				8B58D6912AFA859D000EB557 /* Country.swift in Sources */,
				8BD3B2612B29C56A006393EE /* Wallet.swift in Sources */,
				8B1604122AF4E5A000A68981 /* UserDefaultsManager.swift in Sources */,
				8B20CE5B2AB0540100FB3ECA /* RealEstateFundingApp.swift in Sources */,
				8B20CE732AB07A0A00FB3ECA /* PropertiesList.swift in Sources */,
				8B49CBF32AB8440300F1800B /* CitizenshipView.swift in Sources */,
				8B49CC122ABB224600F1800B /* FinancialsView.swift in Sources */,
				8BA95B812ADFDB0A00FA7D35 /* PropertiesViewModel.swift in Sources */,
				8B3A23BD2AC4257100EF82E7 /* WalletView.swift in Sources */,
				8B20CE6D2AB065F400FB3ECA /* TabBar.swift in Sources */,
				8B569E752B2B1F310098515B /* PaymentViewModel.swift in Sources */,
				8B20CE8D2AB1F3D300FB3ECA /* TextFieldStyle.swift in Sources */,
				8B49CC062AB9A90B00F1800B /* String + Ext.swift in Sources */,
				8BA837BE2AD6A59A008DCF3D /* LoginViewModel.swift in Sources */,
				8BD3B2632B2AF53A006393EE /* InvestedSuccesView.swift in Sources */,
				8B20CE712AB06D4B00FB3ECA /* View + Ext.swift in Sources */,
				8B7B0B102AE6884E008C2F19 /* InvestView.swift in Sources */,
				8BA837C32AD6CD0B008DCF3D /* AppMainState.swift in Sources */,
				8B20CE7E2AB0912100FB3ECA /* Color + Ext.swift in Sources */,
				8B16039E2AEF9C1E00A68981 /* RegistrationHeaderView.swift in Sources */,
				8B49CBF62AB8473600F1800B /* CountryPickerProxy.swift in Sources */,
				8BA837C12AD6B07D008DCF3D /* AppViewModel.swift in Sources */,
				8B20CE832AB1D37300FB3ECA /* UIScreen + Ext.swift in Sources */,
				8B20CE872AB1D54300FB3ECA /* FillUserDataView.swift in Sources */,
				8B1603DD2AF129C400A68981 /* LoginViewScreen.swift in Sources */,
				8BC2C5332AB466DC0040D6B7 /* InvestmentDetails.swift in Sources */,
				8BA8378F2ACEC4FA008DCF3D /* APIManager.swift in Sources */,
				8BA83E992B10CC03005DD78C /* Transactions.swift in Sources */,
				8BA83EA52B15F62F005DD78C /* InvoiceTransactionsView.swift in Sources */,
				8B49CC102ABB0ECB00F1800B /* InvestmentCalculatorView.swift in Sources */,
				8B20CE7B2AB0900C00FB3ECA /* SignUpView.swift in Sources */,
				8B49CBEE2AB491FD00F1800B /* ForgotPasswordView.swift in Sources */,
				8BA8379D2ACEF49D008DCF3D /* RegistrationViewScreen.swift in Sources */,
				8BD3B20D2B28988A006393EE /* PropertiesGatewayType.swift in Sources */,
				8B6D016D2B0792C100E9FBCC /* ContentView.swift in Sources */,
				8B20CE6F2AB0676B00FB3ECA /* TabBarViewModifier.swift in Sources */,
				8B49CBFB2AB856E200F1800B /* EnterNewPasswordView.swift in Sources */,
				8B955BA32AFE6B9A005E4D0C /* ShowMoreLessButton.swift in Sources */,
				8B7B0B122AE69F49008C2F19 /* PropertyImageView.swift in Sources */,
				8B6D016B2B07826F00E9FBCC /* InvestmentDetail.swift in Sources */,
				8B49CC152ABB34EA00F1800B /* FavouritesView.swift in Sources */,
				8B49CBFE2AB8629E00F1800B /* NotificationsListView.swift in Sources */,
				8BEBC3612AEBA7F40016FCA4 /* EmploymentStatusView.swift in Sources */,
				8BEBC35D2AEAA5180016FCA4 /* Enum + Ext.swift in Sources */,
			);
			runOnlyForDeploymentPostprocessing = 0;
		};
/* End PBXSourcesBuildPhase section */

/* Begin XCBuildConfiguration section */
		8B20CE632AB0540300FB3ECA /* Debug */ = {
			isa = XCBuildConfiguration;
			buildSettings = {
				ALWAYS_SEARCH_USER_PATHS = NO;
				CLANG_ANALYZER_NONNULL = YES;
				CLANG_ANALYZER_NUMBER_OBJECT_CONVERSION = YES_AGGRESSIVE;
				CLANG_CXX_LANGUAGE_STANDARD = "gnu++20";
				CLANG_ENABLE_MODULES = YES;
				CLANG_ENABLE_OBJC_ARC = YES;
				CLANG_ENABLE_OBJC_WEAK = YES;
				CLANG_WARN_BLOCK_CAPTURE_AUTORELEASING = YES;
				CLANG_WARN_BOOL_CONVERSION = YES;
				CLANG_WARN_COMMA = YES;
				CLANG_WARN_CONSTANT_CONVERSION = YES;
				CLANG_WARN_DEPRECATED_OBJC_IMPLEMENTATIONS = YES;
				CLANG_WARN_DIRECT_OBJC_ISA_USAGE = YES_ERROR;
				CLANG_WARN_DOCUMENTATION_COMMENTS = YES;
				CLANG_WARN_EMPTY_BODY = YES;
				CLANG_WARN_ENUM_CONVERSION = YES;
				CLANG_WARN_INFINITE_RECURSION = YES;
				CLANG_WARN_INT_CONVERSION = YES;
				CLANG_WARN_NON_LITERAL_NULL_CONVERSION = YES;
				CLANG_WARN_OBJC_IMPLICIT_RETAIN_SELF = YES;
				CLANG_WARN_OBJC_LITERAL_CONVERSION = YES;
				CLANG_WARN_OBJC_ROOT_CLASS = YES_ERROR;
				CLANG_WARN_QUOTED_INCLUDE_IN_FRAMEWORK_HEADER = YES;
				CLANG_WARN_RANGE_LOOP_ANALYSIS = YES;
				CLANG_WARN_STRICT_PROTOTYPES = YES;
				CLANG_WARN_SUSPICIOUS_MOVE = YES;
				CLANG_WARN_UNGUARDED_AVAILABILITY = YES_AGGRESSIVE;
				CLANG_WARN_UNREACHABLE_CODE = YES;
				CLANG_WARN__DUPLICATE_METHOD_MATCH = YES;
				COPY_PHASE_STRIP = NO;
				DEBUG_INFORMATION_FORMAT = dwarf;
				ENABLE_STRICT_OBJC_MSGSEND = YES;
				ENABLE_TESTABILITY = YES;
				GCC_C_LANGUAGE_STANDARD = gnu11;
				GCC_DYNAMIC_NO_PIC = NO;
				GCC_NO_COMMON_BLOCKS = YES;
				GCC_OPTIMIZATION_LEVEL = 0;
				GCC_PREPROCESSOR_DEFINITIONS = (
					"DEBUG=1",
					"$(inherited)",
				);
				GCC_WARN_64_TO_32_BIT_CONVERSION = YES;
				GCC_WARN_ABOUT_RETURN_TYPE = YES_ERROR;
				GCC_WARN_UNDECLARED_SELECTOR = YES;
				GCC_WARN_UNINITIALIZED_AUTOS = YES_AGGRESSIVE;
				GCC_WARN_UNUSED_FUNCTION = YES;
				GCC_WARN_UNUSED_VARIABLE = YES;
				IPHONEOS_DEPLOYMENT_TARGET = 15.0;
				MTL_ENABLE_DEBUG_INFO = INCLUDE_SOURCE;
				MTL_FAST_MATH = YES;
				ONLY_ACTIVE_ARCH = YES;
				SDKROOT = iphoneos;
				SWIFT_ACTIVE_COMPILATION_CONDITIONS = DEBUG;
				SWIFT_OPTIMIZATION_LEVEL = "-Onone";
			};
			name = Debug;
		};
		8B20CE642AB0540300FB3ECA /* Release */ = {
			isa = XCBuildConfiguration;
			buildSettings = {
				ALWAYS_SEARCH_USER_PATHS = NO;
				CLANG_ANALYZER_NONNULL = YES;
				CLANG_ANALYZER_NUMBER_OBJECT_CONVERSION = YES_AGGRESSIVE;
				CLANG_CXX_LANGUAGE_STANDARD = "gnu++20";
				CLANG_ENABLE_MODULES = YES;
				CLANG_ENABLE_OBJC_ARC = YES;
				CLANG_ENABLE_OBJC_WEAK = YES;
				CLANG_WARN_BLOCK_CAPTURE_AUTORELEASING = YES;
				CLANG_WARN_BOOL_CONVERSION = YES;
				CLANG_WARN_COMMA = YES;
				CLANG_WARN_CONSTANT_CONVERSION = YES;
				CLANG_WARN_DEPRECATED_OBJC_IMPLEMENTATIONS = YES;
				CLANG_WARN_DIRECT_OBJC_ISA_USAGE = YES_ERROR;
				CLANG_WARN_DOCUMENTATION_COMMENTS = YES;
				CLANG_WARN_EMPTY_BODY = YES;
				CLANG_WARN_ENUM_CONVERSION = YES;
				CLANG_WARN_INFINITE_RECURSION = YES;
				CLANG_WARN_INT_CONVERSION = YES;
				CLANG_WARN_NON_LITERAL_NULL_CONVERSION = YES;
				CLANG_WARN_OBJC_IMPLICIT_RETAIN_SELF = YES;
				CLANG_WARN_OBJC_LITERAL_CONVERSION = YES;
				CLANG_WARN_OBJC_ROOT_CLASS = YES_ERROR;
				CLANG_WARN_QUOTED_INCLUDE_IN_FRAMEWORK_HEADER = YES;
				CLANG_WARN_RANGE_LOOP_ANALYSIS = YES;
				CLANG_WARN_STRICT_PROTOTYPES = YES;
				CLANG_WARN_SUSPICIOUS_MOVE = YES;
				CLANG_WARN_UNGUARDED_AVAILABILITY = YES_AGGRESSIVE;
				CLANG_WARN_UNREACHABLE_CODE = YES;
				CLANG_WARN__DUPLICATE_METHOD_MATCH = YES;
				COPY_PHASE_STRIP = NO;
				DEBUG_INFORMATION_FORMAT = "dwarf-with-dsym";
				ENABLE_NS_ASSERTIONS = NO;
				ENABLE_STRICT_OBJC_MSGSEND = YES;
				GCC_C_LANGUAGE_STANDARD = gnu11;
				GCC_NO_COMMON_BLOCKS = YES;
				GCC_WARN_64_TO_32_BIT_CONVERSION = YES;
				GCC_WARN_ABOUT_RETURN_TYPE = YES_ERROR;
				GCC_WARN_UNDECLARED_SELECTOR = YES;
				GCC_WARN_UNINITIALIZED_AUTOS = YES_AGGRESSIVE;
				GCC_WARN_UNUSED_FUNCTION = YES;
				GCC_WARN_UNUSED_VARIABLE = YES;
				IPHONEOS_DEPLOYMENT_TARGET = 15.0;
				MTL_ENABLE_DEBUG_INFO = NO;
				MTL_FAST_MATH = YES;
				SDKROOT = iphoneos;
				SWIFT_COMPILATION_MODE = wholemodule;
				SWIFT_OPTIMIZATION_LEVEL = "-O";
				VALIDATE_PRODUCT = YES;
			};
			name = Release;
		};
		8B20CE662AB0540300FB3ECA /* Debug */ = {
			isa = XCBuildConfiguration;
			buildSettings = {
				ASSETCATALOG_COMPILER_APPICON_NAME = AppIcon;
				ASSETCATALOG_COMPILER_GLOBAL_ACCENT_COLOR_NAME = AccentColor;
				CODE_SIGN_ENTITLEMENTS = RealEstateFunding/RealEstateFunding.entitlements;
				CODE_SIGN_STYLE = Automatic;
				CURRENT_PROJECT_VERSION = 1;
				DEVELOPMENT_ASSET_PATHS = "\"RealEstateFunding/Preview Content\"";
				DEVELOPMENT_TEAM = G67PZ48Y7D;
				ENABLE_PREVIEWS = YES;
				GENERATE_INFOPLIST_FILE = YES;
				INFOPLIST_FILE = RealEstateFunding/Info.plist;
				INFOPLIST_KEY_UIApplicationSceneManifest_Generation = YES;
				INFOPLIST_KEY_UIApplicationSupportsIndirectInputEvents = YES;
				INFOPLIST_KEY_UILaunchScreen_Generation = YES;
				INFOPLIST_KEY_UILaunchStoryboardName = "Launch Screen.storyboard";
				INFOPLIST_KEY_UISupportedInterfaceOrientations = UIInterfaceOrientationPortrait;
				INFOPLIST_KEY_UISupportedInterfaceOrientations_iPad = "UIInterfaceOrientationLandscapeLeft UIInterfaceOrientationLandscapeRight UIInterfaceOrientationPortrait UIInterfaceOrientationPortraitUpsideDown";
				INFOPLIST_KEY_UIUserInterfaceStyle = Light;
				LD_RUNPATH_SEARCH_PATHS = (
					"$(inherited)",
					"@executable_path/Frameworks",
				);
				MARKETING_VERSION = 1.0;
				PRODUCT_BUNDLE_IDENTIFIER = com.verst.test;
				PRODUCT_NAME = "$(TARGET_NAME)";
				SWIFT_EMIT_LOC_STRINGS = YES;
				SWIFT_VERSION = 5.0;
				TARGETED_DEVICE_FAMILY = "1,2";
			};
			name = Debug;
		};
		8B20CE672AB0540300FB3ECA /* Release */ = {
			isa = XCBuildConfiguration;
			buildSettings = {
				ASSETCATALOG_COMPILER_APPICON_NAME = AppIcon;
				ASSETCATALOG_COMPILER_GLOBAL_ACCENT_COLOR_NAME = AccentColor;
				CODE_SIGN_ENTITLEMENTS = RealEstateFunding/RealEstateFunding.entitlements;
				CODE_SIGN_STYLE = Automatic;
				CURRENT_PROJECT_VERSION = 1;
				DEVELOPMENT_ASSET_PATHS = "\"RealEstateFunding/Preview Content\"";
				DEVELOPMENT_TEAM = G67PZ48Y7D;
				ENABLE_PREVIEWS = YES;
				GENERATE_INFOPLIST_FILE = YES;
				INFOPLIST_FILE = RealEstateFunding/Info.plist;
				INFOPLIST_KEY_UIApplicationSceneManifest_Generation = YES;
				INFOPLIST_KEY_UIApplicationSupportsIndirectInputEvents = YES;
				INFOPLIST_KEY_UILaunchScreen_Generation = YES;
				INFOPLIST_KEY_UILaunchStoryboardName = "Launch Screen.storyboard";
				INFOPLIST_KEY_UISupportedInterfaceOrientations = UIInterfaceOrientationPortrait;
				INFOPLIST_KEY_UISupportedInterfaceOrientations_iPad = "UIInterfaceOrientationLandscapeLeft UIInterfaceOrientationLandscapeRight UIInterfaceOrientationPortrait UIInterfaceOrientationPortraitUpsideDown";
				INFOPLIST_KEY_UIUserInterfaceStyle = Light;
				LD_RUNPATH_SEARCH_PATHS = (
					"$(inherited)",
					"@executable_path/Frameworks",
				);
				MARKETING_VERSION = 1.0;
				PRODUCT_BUNDLE_IDENTIFIER = com.verst.test;
				PRODUCT_NAME = "$(TARGET_NAME)";
				SWIFT_EMIT_LOC_STRINGS = YES;
				SWIFT_VERSION = 5.0;
				TARGETED_DEVICE_FAMILY = "1,2";
			};
			name = Release;
		};
/* End XCBuildConfiguration section */

/* Begin XCConfigurationList section */
		8B20CE522AB0540100FB3ECA /* Build configuration list for PBXProject "RealEstateFunding" */ = {
			isa = XCConfigurationList;
			buildConfigurations = (
				8B20CE632AB0540300FB3ECA /* Debug */,
				8B20CE642AB0540300FB3ECA /* Release */,
			);
			defaultConfigurationIsVisible = 0;
			defaultConfigurationName = Release;
		};
		8B20CE652AB0540300FB3ECA /* Build configuration list for PBXNativeTarget "RealEstateFunding" */ = {
			isa = XCConfigurationList;
			buildConfigurations = (
				8B20CE662AB0540300FB3ECA /* Debug */,
				8B20CE672AB0540300FB3ECA /* Release */,
			);
			defaultConfigurationIsVisible = 0;
			defaultConfigurationName = Release;
		};
/* End XCConfigurationList section */

/* Begin XCRemoteSwiftPackageReference section */
		8B20CE772AB08FEF00FB3ECA /* XCRemoteSwiftPackageReference "iPhoneNumberField" */ = {
			isa = XCRemoteSwiftPackageReference;
			repositoryURL = "https://github.com/MojtabaHs/iPhoneNumberField";
			requirement = {
				kind = upToNextMajorVersion;
				minimumVersion = 0.10.1;
			};
		};
		8B49CBEF2AB842BE00F1800B /* XCRemoteSwiftPackageReference "CountryPicker" */ = {
			isa = XCRemoteSwiftPackageReference;
			repositoryURL = "https://github.com/SURYAKANTSHARMA/CountryPicker.git";
			requirement = {
				kind = upToNextMajorVersion;
				minimumVersion = 3.0.0;
			};
		};
		8B49CBF72AB84C4C00F1800B /* XCRemoteSwiftPackageReference "PopupView" */ = {
			isa = XCRemoteSwiftPackageReference;
			repositoryURL = "https://github.com/exyte/PopupView.git";
			requirement = {
				kind = upToNextMajorVersion;
				minimumVersion = 2.0.0;
			};
		};
		8B58D6872AF8DF0F000EB557 /* XCRemoteSwiftPackageReference "SwiftSoup" */ = {
			isa = XCRemoteSwiftPackageReference;
			repositoryURL = "https://github.com/scinfu/SwiftSoup.git";
			requirement = {
				kind = upToNextMajorVersion;
				minimumVersion = 2.6.1;
			};
		};
		8B5ECCD92AE1141D0068D5D1 /* XCRemoteSwiftPackageReference "keychain-swift" */ = {
			isa = XCRemoteSwiftPackageReference;
			repositoryURL = "https://github.com/evgenyneu/keychain-swift.git";
			requirement = {
				kind = upToNextMajorVersion;
				minimumVersion = 20.0.0;
			};
		};
		8BA837902ACEC68B008DCF3D /* XCRemoteSwiftPackageReference "Alamofire" */ = {
			isa = XCRemoteSwiftPackageReference;
			repositoryURL = "https://github.com/Alamofire/Alamofire";
			requirement = {
				kind = upToNextMajorVersion;
				minimumVersion = 5.8.0;
			};
		};
		8BA837932ACEC69B008DCF3D /* XCRemoteSwiftPackageReference "Reachability" */ = {
			isa = XCRemoteSwiftPackageReference;
			repositoryURL = "https://github.com/ashleymills/Reachability.swift";
			requirement = {
				branch = master;
				kind = branch;
			};
		};
		8BA837962ACEC6B8008DCF3D /* XCRemoteSwiftPackageReference "SDWebImageSwiftUI" */ = {
			isa = XCRemoteSwiftPackageReference;
			repositoryURL = "https://github.com/SDWebImage/SDWebImageSwiftUI.git";
			requirement = {
				kind = upToNextMajorVersion;
				minimumVersion = 2.2.3;
			};
		};
		8BD3B20E2B289F47006393EE /* XCRemoteSwiftPackageReference "stripe-ios-spm" */ = {
			isa = XCRemoteSwiftPackageReference;
			repositoryURL = "https://github.com/stripe/stripe-ios-spm";
			requirement = {
				kind = upToNextMajorVersion;
				minimumVersion = 23.19.0;
			};
		};
		8BD3B21F2B28ADD1006393EE /* XCRemoteSwiftPackageReference "firebase-ios-sdk" */ = {
			isa = XCRemoteSwiftPackageReference;
			repositoryURL = "https://github.com/firebase/firebase-ios-sdk";
			requirement = {
				kind = upToNextMajorVersion;
				minimumVersion = 10.19.0;
			};
		};
/* End XCRemoteSwiftPackageReference section */

/* Begin XCSwiftPackageProductDependency section */
		8B20CE782AB08FF000FB3ECA /* iPhoneNumberField */ = {
			isa = XCSwiftPackageProductDependency;
			package = 8B20CE772AB08FEF00FB3ECA /* XCRemoteSwiftPackageReference "iPhoneNumberField" */;
			productName = iPhoneNumberField;
		};
		8B49CBF02AB842BE00F1800B /* CountryPicker */ = {
			isa = XCSwiftPackageProductDependency;
			package = 8B49CBEF2AB842BE00F1800B /* XCRemoteSwiftPackageReference "CountryPicker" */;
			productName = CountryPicker;
		};
		8B49CBF82AB84C4C00F1800B /* PopupView */ = {
			isa = XCSwiftPackageProductDependency;
			package = 8B49CBF72AB84C4C00F1800B /* XCRemoteSwiftPackageReference "PopupView" */;
			productName = PopupView;
		};
		8B58D6882AF8DF0F000EB557 /* SwiftSoup */ = {
			isa = XCSwiftPackageProductDependency;
			package = 8B58D6872AF8DF0F000EB557 /* XCRemoteSwiftPackageReference "SwiftSoup" */;
			productName = SwiftSoup;
		};
		8B5ECCDA2AE1141D0068D5D1 /* KeychainSwift */ = {
			isa = XCSwiftPackageProductDependency;
			package = 8B5ECCD92AE1141D0068D5D1 /* XCRemoteSwiftPackageReference "keychain-swift" */;
			productName = KeychainSwift;
		};
		8BA837912ACEC68B008DCF3D /* Alamofire */ = {
			isa = XCSwiftPackageProductDependency;
			package = 8BA837902ACEC68B008DCF3D /* XCRemoteSwiftPackageReference "Alamofire" */;
			productName = Alamofire;
		};
		8BA837942ACEC69B008DCF3D /* Reachability */ = {
			isa = XCSwiftPackageProductDependency;
			package = 8BA837932ACEC69B008DCF3D /* XCRemoteSwiftPackageReference "Reachability" */;
			productName = Reachability;
		};
		8BA837972ACEC6B8008DCF3D /* SDWebImageSwiftUI */ = {
			isa = XCSwiftPackageProductDependency;
			package = 8BA837962ACEC6B8008DCF3D /* XCRemoteSwiftPackageReference "SDWebImageSwiftUI" */;
			productName = SDWebImageSwiftUI;
		};
		8BD3B20F2B289F47006393EE /* Stripe */ = {
			isa = XCSwiftPackageProductDependency;
			package = 8BD3B20E2B289F47006393EE /* XCRemoteSwiftPackageReference "stripe-ios-spm" */;
			productName = Stripe;
		};
		8BD3B2112B289F47006393EE /* StripeApplePay */ = {
			isa = XCSwiftPackageProductDependency;
			package = 8BD3B20E2B289F47006393EE /* XCRemoteSwiftPackageReference "stripe-ios-spm" */;
			productName = StripeApplePay;
		};
		8BD3B2132B289F47006393EE /* StripeCardScan */ = {
			isa = XCSwiftPackageProductDependency;
			package = 8BD3B20E2B289F47006393EE /* XCRemoteSwiftPackageReference "stripe-ios-spm" */;
			productName = StripeCardScan;
		};
		8BD3B2152B289F47006393EE /* StripeFinancialConnections */ = {
			isa = XCSwiftPackageProductDependency;
			package = 8BD3B20E2B289F47006393EE /* XCRemoteSwiftPackageReference "stripe-ios-spm" */;
			productName = StripeFinancialConnections;
		};
		8BD3B2172B289F47006393EE /* StripeIdentity */ = {
			isa = XCSwiftPackageProductDependency;
			package = 8BD3B20E2B289F47006393EE /* XCRemoteSwiftPackageReference "stripe-ios-spm" */;
			productName = StripeIdentity;
		};
		8BD3B2192B289F47006393EE /* StripePaymentSheet */ = {
			isa = XCSwiftPackageProductDependency;
			package = 8BD3B20E2B289F47006393EE /* XCRemoteSwiftPackageReference "stripe-ios-spm" */;
			productName = StripePaymentSheet;
		};
		8BD3B21B2B289F47006393EE /* StripePayments */ = {
			isa = XCSwiftPackageProductDependency;
			package = 8BD3B20E2B289F47006393EE /* XCRemoteSwiftPackageReference "stripe-ios-spm" */;
			productName = StripePayments;
		};
		8BD3B21D2B289F47006393EE /* StripePaymentsUI */ = {
			isa = XCSwiftPackageProductDependency;
			package = 8BD3B20E2B289F47006393EE /* XCRemoteSwiftPackageReference "stripe-ios-spm" */;
			productName = StripePaymentsUI;
		};
		8BD3B2202B28ADD1006393EE /* FirebaseAnalytics */ = {
			isa = XCSwiftPackageProductDependency;
			package = 8BD3B21F2B28ADD1006393EE /* XCRemoteSwiftPackageReference "firebase-ios-sdk" */;
			productName = FirebaseAnalytics;
		};
		8BD3B2222B28ADD1006393EE /* FirebaseAnalyticsOnDeviceConversion */ = {
			isa = XCSwiftPackageProductDependency;
			package = 8BD3B21F2B28ADD1006393EE /* XCRemoteSwiftPackageReference "firebase-ios-sdk" */;
			productName = FirebaseAnalyticsOnDeviceConversion;
		};
		8BD3B2242B28ADD1006393EE /* FirebaseAnalyticsSwift */ = {
			isa = XCSwiftPackageProductDependency;
			package = 8BD3B21F2B28ADD1006393EE /* XCRemoteSwiftPackageReference "firebase-ios-sdk" */;
			productName = FirebaseAnalyticsSwift;
		};
		8BD3B2262B28ADD1006393EE /* FirebaseAnalyticsWithoutAdIdSupport */ = {
			isa = XCSwiftPackageProductDependency;
			package = 8BD3B21F2B28ADD1006393EE /* XCRemoteSwiftPackageReference "firebase-ios-sdk" */;
			productName = FirebaseAnalyticsWithoutAdIdSupport;
		};
		8BD3B2282B28ADD1006393EE /* FirebaseAppCheck */ = {
			isa = XCSwiftPackageProductDependency;
			package = 8BD3B21F2B28ADD1006393EE /* XCRemoteSwiftPackageReference "firebase-ios-sdk" */;
			productName = FirebaseAppCheck;
		};
		8BD3B22A2B28ADD1006393EE /* FirebaseAppDistribution-Beta */ = {
			isa = XCSwiftPackageProductDependency;
			package = 8BD3B21F2B28ADD1006393EE /* XCRemoteSwiftPackageReference "firebase-ios-sdk" */;
			productName = "FirebaseAppDistribution-Beta";
		};
		8BD3B22C2B28ADD1006393EE /* FirebaseAuth */ = {
			isa = XCSwiftPackageProductDependency;
			package = 8BD3B21F2B28ADD1006393EE /* XCRemoteSwiftPackageReference "firebase-ios-sdk" */;
			productName = FirebaseAuth;
		};
		8BD3B22E2B28ADD1006393EE /* FirebaseAuthCombine-Community */ = {
			isa = XCSwiftPackageProductDependency;
			package = 8BD3B21F2B28ADD1006393EE /* XCRemoteSwiftPackageReference "firebase-ios-sdk" */;
			productName = "FirebaseAuthCombine-Community";
		};
		8BD3B2302B28ADD1006393EE /* FirebaseCrashlytics */ = {
			isa = XCSwiftPackageProductDependency;
			package = 8BD3B21F2B28ADD1006393EE /* XCRemoteSwiftPackageReference "firebase-ios-sdk" */;
			productName = FirebaseCrashlytics;
		};
		8BD3B2322B28ADD1006393EE /* FirebaseDatabase */ = {
			isa = XCSwiftPackageProductDependency;
			package = 8BD3B21F2B28ADD1006393EE /* XCRemoteSwiftPackageReference "firebase-ios-sdk" */;
			productName = FirebaseDatabase;
		};
		8BD3B2342B28ADD1006393EE /* FirebaseDatabaseSwift */ = {
			isa = XCSwiftPackageProductDependency;
			package = 8BD3B21F2B28ADD1006393EE /* XCRemoteSwiftPackageReference "firebase-ios-sdk" */;
			productName = FirebaseDatabaseSwift;
		};
		8BD3B2362B28ADD1006393EE /* FirebaseDynamicLinks */ = {
			isa = XCSwiftPackageProductDependency;
			package = 8BD3B21F2B28ADD1006393EE /* XCRemoteSwiftPackageReference "firebase-ios-sdk" */;
			productName = FirebaseDynamicLinks;
		};
		8BD3B2382B28ADD1006393EE /* FirebaseFirestore */ = {
			isa = XCSwiftPackageProductDependency;
			package = 8BD3B21F2B28ADD1006393EE /* XCRemoteSwiftPackageReference "firebase-ios-sdk" */;
			productName = FirebaseFirestore;
		};
		8BD3B23A2B28ADD1006393EE /* FirebaseFirestoreCombine-Community */ = {
			isa = XCSwiftPackageProductDependency;
			package = 8BD3B21F2B28ADD1006393EE /* XCRemoteSwiftPackageReference "firebase-ios-sdk" */;
			productName = "FirebaseFirestoreCombine-Community";
		};
		8BD3B23C2B28ADD1006393EE /* FirebaseFirestoreSwift */ = {
			isa = XCSwiftPackageProductDependency;
			package = 8BD3B21F2B28ADD1006393EE /* XCRemoteSwiftPackageReference "firebase-ios-sdk" */;
			productName = FirebaseFirestoreSwift;
		};
		8BD3B23E2B28ADD1006393EE /* FirebaseFunctions */ = {
			isa = XCSwiftPackageProductDependency;
			package = 8BD3B21F2B28ADD1006393EE /* XCRemoteSwiftPackageReference "firebase-ios-sdk" */;
			productName = FirebaseFunctions;
		};
		8BD3B2402B28ADD1006393EE /* FirebaseFunctionsCombine-Community */ = {
			isa = XCSwiftPackageProductDependency;
			package = 8BD3B21F2B28ADD1006393EE /* XCRemoteSwiftPackageReference "firebase-ios-sdk" */;
			productName = "FirebaseFunctionsCombine-Community";
		};
		8BD3B2422B28ADD1006393EE /* FirebaseInAppMessaging-Beta */ = {
			isa = XCSwiftPackageProductDependency;
			package = 8BD3B21F2B28ADD1006393EE /* XCRemoteSwiftPackageReference "firebase-ios-sdk" */;
			productName = "FirebaseInAppMessaging-Beta";
		};
		8BD3B2442B28ADD1006393EE /* FirebaseInAppMessagingSwift-Beta */ = {
			isa = XCSwiftPackageProductDependency;
			package = 8BD3B21F2B28ADD1006393EE /* XCRemoteSwiftPackageReference "firebase-ios-sdk" */;
			productName = "FirebaseInAppMessagingSwift-Beta";
		};
		8BD3B2462B28ADD1006393EE /* FirebaseInstallations */ = {
			isa = XCSwiftPackageProductDependency;
			package = 8BD3B21F2B28ADD1006393EE /* XCRemoteSwiftPackageReference "firebase-ios-sdk" */;
			productName = FirebaseInstallations;
		};
		8BD3B2482B28ADD1006393EE /* FirebaseMLModelDownloader */ = {
			isa = XCSwiftPackageProductDependency;
			package = 8BD3B21F2B28ADD1006393EE /* XCRemoteSwiftPackageReference "firebase-ios-sdk" */;
			productName = FirebaseMLModelDownloader;
		};
		8BD3B24A2B28ADD1006393EE /* FirebaseMessaging */ = {
			isa = XCSwiftPackageProductDependency;
			package = 8BD3B21F2B28ADD1006393EE /* XCRemoteSwiftPackageReference "firebase-ios-sdk" */;
			productName = FirebaseMessaging;
		};
		8BD3B24C2B28ADD1006393EE /* FirebasePerformance */ = {
			isa = XCSwiftPackageProductDependency;
			package = 8BD3B21F2B28ADD1006393EE /* XCRemoteSwiftPackageReference "firebase-ios-sdk" */;
			productName = FirebasePerformance;
		};
		8BD3B24E2B28ADD1006393EE /* FirebaseRemoteConfig */ = {
			isa = XCSwiftPackageProductDependency;
			package = 8BD3B21F2B28ADD1006393EE /* XCRemoteSwiftPackageReference "firebase-ios-sdk" */;
			productName = FirebaseRemoteConfig;
		};
		8BD3B2502B28ADD1006393EE /* FirebaseRemoteConfigSwift */ = {
			isa = XCSwiftPackageProductDependency;
			package = 8BD3B21F2B28ADD1006393EE /* XCRemoteSwiftPackageReference "firebase-ios-sdk" */;
			productName = FirebaseRemoteConfigSwift;
		};
		8BD3B2522B28ADD1006393EE /* FirebaseStorage */ = {
			isa = XCSwiftPackageProductDependency;
			package = 8BD3B21F2B28ADD1006393EE /* XCRemoteSwiftPackageReference "firebase-ios-sdk" */;
			productName = FirebaseStorage;
		};
		8BD3B2542B28ADD1006393EE /* FirebaseStorageCombine-Community */ = {
			isa = XCSwiftPackageProductDependency;
			package = 8BD3B21F2B28ADD1006393EE /* XCRemoteSwiftPackageReference "firebase-ios-sdk" */;
			productName = "FirebaseStorageCombine-Community";
		};
/* End XCSwiftPackageProductDependency section */
	};
	rootObject = 8B20CE4F2AB0540100FB3ECA /* Project object */;
}
